
Microsoft Visual Studio Solution File, Format Version 12.00
# Visual Studio 15
VisualStudioVersion = 15.0.27703.2035
MinimumVisualStudioVersion = 10.0.40219.1
Project("{FAE04EC0-301F-11D3-BF4B-00C04F79EFBC}") = "Sales.Android", "Sales\Sales.Android\Sales.Android.csproj", "{E9A394AE-3B38-4F0D-A01E-A340CC040EDB}"
EndProject
Project("{FAE04EC0-301F-11D3-BF4B-00C04F79EFBC}") = "Sales.iOS", "Sales\Sales.iOS\Sales.iOS.csproj", "{7208A75C-AE34-4788-92E4-AB84691A852C}"
EndProject
Project("{FAE04EC0-301F-11D3-BF4B-00C04F79EFBC}") = "Sales.UWP", "Sales\Sales.UWP\Sales.UWP.csproj", "{C0FB533B-F99B-4292-8CF8-E4F1CE62B4DA}"
EndProject
Project("{FAE04EC0-301F-11D3-BF4B-00C04F79EFBC}") = "Sales", "Sales\Sales\Sales.csproj", "{70E94937-39B4-453A-A480-0078EF8B5A45}"
EndProject
Global
	GlobalSection(SolutionConfigurationPlatforms) = preSolution
		Ad-Hoc|Any CPU = Ad-Hoc|Any CPU
		Ad-Hoc|ARM = Ad-Hoc|ARM
		Ad-Hoc|iPhone = Ad-Hoc|iPhone
		Ad-Hoc|iPhoneSimulator = Ad-Hoc|iPhoneSimulator
		Ad-Hoc|x64 = Ad-Hoc|x64
		Ad-Hoc|x86 = Ad-Hoc|x86
		AppStore|Any CPU = AppStore|Any CPU
		AppStore|ARM = AppStore|ARM
		AppStore|iPhone = AppStore|iPhone
		AppStore|iPhoneSimulator = AppStore|iPhoneSimulator
		AppStore|x64 = AppStore|x64
		AppStore|x86 = AppStore|x86
		Debug|Any CPU = Debug|Any CPU
		Debug|ARM = Debug|ARM
		Debug|iPhone = Debug|iPhone
		Debug|iPhoneSimulator = Debug|iPhoneSimulator
		Debug|x64 = Debug|x64
		Debug|x86 = Debug|x86
		Release|Any CPU = Release|Any CPU
		Release|ARM = Release|ARM
		Release|iPhone = Release|iPhone
		Release|iPhoneSimulator = Release|iPhoneSimulator
		Release|x64 = Release|x64
		Release|x86 = Release|x86
	EndGlobalSection
	GlobalSection(ProjectConfigurationPlatforms) = postSolution
		{E9A394AE-3B38-4F0D-A01E-A340CC040EDB}.Ad-Hoc|Any CPU.ActiveCfg = Release|Any CPU
		{E9A394AE-3B38-4F0D-A01E-A340CC040EDB}.Ad-Hoc|Any CPU.Build.0 = Release|Any CPU
		{E9A394AE-3B38-4F0D-A01E-A340CC040EDB}.Ad-Hoc|Any CPU.Deploy.0 = Release|Any CPU
		{E9A394AE-3B38-4F0D-A01E-A340CC040EDB}.Ad-Hoc|ARM.ActiveCfg = Release|Any CPU
		{E9A394AE-3B38-4F0D-A01E-A340CC040EDB}.Ad-Hoc|ARM.Build.0 = Release|Any CPU
		{E9A394AE-3B38-4F0D-A01E-A340CC040EDB}.Ad-Hoc|ARM.Deploy.0 = Release|Any CPU
		{E9A394AE-3B38-4F0D-A01E-A340CC040EDB}.Ad-Hoc|iPhone.ActiveCfg = Release|Any CPU
		{E9A394AE-3B38-4F0D-A01E-A340CC040EDB}.Ad-Hoc|iPhone.Build.0 = Release|Any CPU
		{E9A394AE-3B38-4F0D-A01E-A340CC040EDB}.Ad-Hoc|iPhone.Deploy.0 = Release|Any CPU
		{E9A394AE-3B38-4F0D-A01E-A340CC040EDB}.Ad-Hoc|iPhoneSimulator.ActiveCfg = Release|Any CPU
		{E9A394AE-3B38-4F0D-A01E-A340CC040EDB}.Ad-Hoc|iPhoneSimulator.Build.0 = Release|Any CPU
		{E9A394AE-3B38-4F0D-A01E-A340CC040EDB}.Ad-Hoc|iPhoneSimulator.Deploy.0 = Release|Any CPU
		{E9A394AE-3B38-4F0D-A01E-A340CC040EDB}.Ad-Hoc|x64.ActiveCfg = Release|Any CPU
		{E9A394AE-3B38-4F0D-A01E-A340CC040EDB}.Ad-Hoc|x64.Build.0 = Release|Any CPU
		{E9A394AE-3B38-4F0D-A01E-A340CC040EDB}.Ad-Hoc|x64.Deploy.0 = Release|Any CPU
		{E9A394AE-3B38-4F0D-A01E-A340CC040EDB}.Ad-Hoc|x86.ActiveCfg = Release|Any CPU
		{E9A394AE-3B38-4F0D-A01E-A340CC040EDB}.Ad-Hoc|x86.Build.0 = Release|Any CPU
		{E9A394AE-3B38-4F0D-A01E-A340CC040EDB}.Ad-Hoc|x86.Deploy.0 = Release|Any CPU
		{E9A394AE-3B38-4F0D-A01E-A340CC040EDB}.AppStore|Any CPU.ActiveCfg = Release|Any CPU
		{E9A394AE-3B38-4F0D-A01E-A340CC040EDB}.AppStore|Any CPU.Build.0 = Release|Any CPU
		{E9A394AE-3B38-4F0D-A01E-A340CC040EDB}.AppStore|Any CPU.Deploy.0 = Release|Any CPU
		{E9A394AE-3B38-4F0D-A01E-A340CC040EDB}.AppStore|ARM.ActiveCfg = Release|Any CPU
		{E9A394AE-3B38-4F0D-A01E-A340CC040EDB}.AppStore|ARM.Build.0 = Release|Any CPU
		{E9A394AE-3B38-4F0D-A01E-A340CC040EDB}.AppStore|ARM.Deploy.0 = Release|Any CPU
		{E9A394AE-3B38-4F0D-A01E-A340CC040EDB}.AppStore|iPhone.ActiveCfg = Release|Any CPU
		{E9A394AE-3B38-4F0D-A01E-A340CC040EDB}.AppStore|iPhone.Build.0 = Release|Any CPU
		{E9A394AE-3B38-4F0D-A01E-A340CC040EDB}.AppStore|iPhone.Deploy.0 = Release|Any CPU
		{E9A394AE-3B38-4F0D-A01E-A340CC040EDB}.AppStore|iPhoneSimulator.ActiveCfg = Release|Any CPU
		{E9A394AE-3B38-4F0D-A01E-A340CC040EDB}.AppStore|iPhoneSimulator.Build.0 = Release|Any CPU
		{E9A394AE-3B38-4F0D-A01E-A340CC040EDB}.AppStore|iPhoneSimulator.Deploy.0 = Release|Any CPU
		{E9A394AE-3B38-4F0D-A01E-A340CC040EDB}.AppStore|x64.ActiveCfg = Release|Any CPU
		{E9A394AE-3B38-4F0D-A01E-A340CC040EDB}.AppStore|x64.Build.0 = Release|Any CPU
		{E9A394AE-3B38-4F0D-A01E-A340CC040EDB}.AppStore|x64.Deploy.0 = Release|Any CPU
		{E9A394AE-3B38-4F0D-A01E-A340CC040EDB}.AppStore|x86.ActiveCfg = Release|Any CPU
		{E9A394AE-3B38-4F0D-A01E-A340CC040EDB}.AppStore|x86.Build.0 = Release|Any CPU
		{E9A394AE-3B38-4F0D-A01E-A340CC040EDB}.AppStore|x86.Deploy.0 = Release|Any CPU
		{E9A394AE-3B38-4F0D-A01E-A340CC040EDB}.Debug|Any CPU.ActiveCfg = Debug|Any CPU
		{E9A394AE-3B38-4F0D-A01E-A340CC040EDB}.Debug|Any CPU.Build.0 = Debug|Any CPU
		{E9A394AE-3B38-4F0D-A01E-A340CC040EDB}.Debug|Any CPU.Deploy.0 = Debug|Any CPU
		{E9A394AE-3B38-4F0D-A01E-A340CC040EDB}.Debug|ARM.ActiveCfg = Debug|Any CPU
		{E9A394AE-3B38-4F0D-A01E-A340CC040EDB}.Debug|ARM.Build.0 = Debug|Any CPU
		{E9A394AE-3B38-4F0D-A01E-A340CC040EDB}.Debug|ARM.Deploy.0 = Debug|Any CPU
		{E9A394AE-3B38-4F0D-A01E-A340CC040EDB}.Debug|iPhone.ActiveCfg = Debug|Any CPU
		{E9A394AE-3B38-4F0D-A01E-A340CC040EDB}.Debug|iPhone.Build.0 = Debug|Any CPU
		{E9A394AE-3B38-4F0D-A01E-A340CC040EDB}.Debug|iPhone.Deploy.0 = Debug|Any CPU
		{E9A394AE-3B38-4F0D-A01E-A340CC040EDB}.Debug|iPhoneSimulator.ActiveCfg = Debug|Any CPU
		{E9A394AE-3B38-4F0D-A01E-A340CC040EDB}.Debug|iPhoneSimulator.Build.0 = Debug|Any CPU
		{E9A394AE-3B38-4F0D-A01E-A340CC040EDB}.Debug|iPhoneSimulator.Deploy.0 = Debug|Any CPU
		{E9A394AE-3B38-4F0D-A01E-A340CC040EDB}.Debug|x64.ActiveCfg = Debug|Any CPU
		{E9A394AE-3B38-4F0D-A01E-A340CC040EDB}.Debug|x64.Build.0 = Debug|Any CPU
		{E9A394AE-3B38-4F0D-A01E-A340CC040EDB}.Debug|x64.Deploy.0 = Debug|Any CPU
		{E9A394AE-3B38-4F0D-A01E-A340CC040EDB}.Debug|x86.ActiveCfg = Debug|Any CPU
		{E9A394AE-3B38-4F0D-A01E-A340CC040EDB}.Debug|x86.Build.0 = Debug|Any CPU
		{E9A394AE-3B38-4F0D-A01E-A340CC040EDB}.Debug|x86.Deploy.0 = Debug|Any CPU
		{E9A394AE-3B38-4F0D-A01E-A340CC040EDB}.Release|Any CPU.ActiveCfg = Release|Any CPU
		{E9A394AE-3B38-4F0D-A01E-A340CC040EDB}.Release|Any CPU.Build.0 = Release|Any CPU
		{E9A394AE-3B38-4F0D-A01E-A340CC040EDB}.Release|Any CPU.Deploy.0 = Release|Any CPU
		{E9A394AE-3B38-4F0D-A01E-A340CC040EDB}.Release|ARM.ActiveCfg = Release|Any CPU
		{E9A394AE-3B38-4F0D-A01E-A340CC040EDB}.Release|ARM.Build.0 = Release|Any CPU
		{E9A394AE-3B38-4F0D-A01E-A340CC040EDB}.Release|ARM.Deploy.0 = Release|Any CPU
		{E9A394AE-3B38-4F0D-A01E-A340CC040EDB}.Release|iPhone.ActiveCfg = Release|Any CPU
		{E9A394AE-3B38-4F0D-A01E-A340CC040EDB}.Release|iPhone.Build.0 = Release|Any CPU
		{E9A394AE-3B38-4F0D-A01E-A340CC040EDB}.Release|iPhone.Deploy.0 = Release|Any CPU
		{E9A394AE-3B38-4F0D-A01E-A340CC040EDB}.Release|iPhoneSimulator.ActiveCfg = Release|Any CPU
		{E9A394AE-3B38-4F0D-A01E-A340CC040EDB}.Release|iPhoneSimulator.Build.0 = Release|Any CPU
		{E9A394AE-3B38-4F0D-A01E-A340CC040EDB}.Release|iPhoneSimulator.Deploy.0 = Release|Any CPU
		{E9A394AE-3B38-4F0D-A01E-A340CC040EDB}.Release|x64.ActiveCfg = Release|Any CPU
		{E9A394AE-3B38-4F0D-A01E-A340CC040EDB}.Release|x64.Build.0 = Release|Any CPU
		{E9A394AE-3B38-4F0D-A01E-A340CC040EDB}.Release|x64.Deploy.0 = Release|Any CPU
		{E9A394AE-3B38-4F0D-A01E-A340CC040EDB}.Release|x86.ActiveCfg = Release|Any CPU
		{E9A394AE-3B38-4F0D-A01E-A340CC040EDB}.Release|x86.Build.0 = Release|Any CPU
		{E9A394AE-3B38-4F0D-A01E-A340CC040EDB}.Release|x86.Deploy.0 = Release|Any CPU
		{7208A75C-AE34-4788-92E4-AB84691A852C}.Ad-Hoc|Any CPU.ActiveCfg = Ad-Hoc|iPhone
		{7208A75C-AE34-4788-92E4-AB84691A852C}.Ad-Hoc|Any CPU.Build.0 = Ad-Hoc|iPhone
		{7208A75C-AE34-4788-92E4-AB84691A852C}.Ad-Hoc|Any CPU.Deploy.0 = Ad-Hoc|iPhone
		{7208A75C-AE34-4788-92E4-AB84691A852C}.Ad-Hoc|ARM.ActiveCfg = Ad-Hoc|iPhone
		{7208A75C-AE34-4788-92E4-AB84691A852C}.Ad-Hoc|ARM.Build.0 = Ad-Hoc|iPhone
		{7208A75C-AE34-4788-92E4-AB84691A852C}.Ad-Hoc|ARM.Deploy.0 = Ad-Hoc|iPhone
		{7208A75C-AE34-4788-92E4-AB84691A852C}.Ad-Hoc|iPhone.ActiveCfg = Ad-Hoc|iPhone
		{7208A75C-AE34-4788-92E4-AB84691A852C}.Ad-Hoc|iPhone.Build.0 = Ad-Hoc|iPhone
		{7208A75C-AE34-4788-92E4-AB84691A852C}.Ad-Hoc|iPhone.Deploy.0 = Ad-Hoc|iPhone
		{7208A75C-AE34-4788-92E4-AB84691A852C}.Ad-Hoc|iPhoneSimulator.ActiveCfg = Ad-Hoc|iPhoneSimulator
		{7208A75C-AE34-4788-92E4-AB84691A852C}.Ad-Hoc|iPhoneSimulator.Build.0 = Ad-Hoc|iPhoneSimulator
		{7208A75C-AE34-4788-92E4-AB84691A852C}.Ad-Hoc|iPhoneSimulator.Deploy.0 = Ad-Hoc|iPhoneSimulator
		{7208A75C-AE34-4788-92E4-AB84691A852C}.Ad-Hoc|x64.ActiveCfg = Ad-Hoc|iPhone
		{7208A75C-AE34-4788-92E4-AB84691A852C}.Ad-Hoc|x64.Build.0 = Ad-Hoc|iPhone
		{7208A75C-AE34-4788-92E4-AB84691A852C}.Ad-Hoc|x64.Deploy.0 = Ad-Hoc|iPhone
		{7208A75C-AE34-4788-92E4-AB84691A852C}.Ad-Hoc|x86.ActiveCfg = Ad-Hoc|iPhone
		{7208A75C-AE34-4788-92E4-AB84691A852C}.Ad-Hoc|x86.Build.0 = Ad-Hoc|iPhone
		{7208A75C-AE34-4788-92E4-AB84691A852C}.Ad-Hoc|x86.Deploy.0 = Ad-Hoc|iPhone
		{7208A75C-AE34-4788-92E4-AB84691A852C}.AppStore|Any CPU.ActiveCfg = AppStore|iPhone
		{7208A75C-AE34-4788-92E4-AB84691A852C}.AppStore|Any CPU.Build.0 = AppStore|iPhone
		{7208A75C-AE34-4788-92E4-AB84691A852C}.AppStore|Any CPU.Deploy.0 = AppStore|iPhone
		{7208A75C-AE34-4788-92E4-AB84691A852C}.AppStore|ARM.ActiveCfg = AppStore|iPhone
		{7208A75C-AE34-4788-92E4-AB84691A852C}.AppStore|ARM.Build.0 = AppStore|iPhone
		{7208A75C-AE34-4788-92E4-AB84691A852C}.AppStore|ARM.Deploy.0 = AppStore|iPhone
		{7208A75C-AE34-4788-92E4-AB84691A852C}.AppStore|iPhone.ActiveCfg = AppStore|iPhone
		{7208A75C-AE34-4788-92E4-AB84691A852C}.AppStore|iPhone.Build.0 = AppStore|iPhone
		{7208A75C-AE34-4788-92E4-AB84691A852C}.AppStore|iPhone.Deploy.0 = AppStore|iPhone
		{7208A75C-AE34-4788-92E4-AB84691A852C}.AppStore|iPhoneSimulator.ActiveCfg = AppStore|iPhoneSimulator
		{7208A75C-AE34-4788-92E4-AB84691A852C}.AppStore|iPhoneSimulator.Build.0 = AppStore|iPhoneSimulator
		{7208A75C-AE34-4788-92E4-AB84691A852C}.AppStore|iPhoneSimulator.Deploy.0 = AppStore|iPhoneSimulator
		{7208A75C-AE34-4788-92E4-AB84691A852C}.AppStore|x64.ActiveCfg = AppStore|iPhone
		{7208A75C-AE34-4788-92E4-AB84691A852C}.AppStore|x64.Build.0 = AppStore|iPhone
		{7208A75C-AE34-4788-92E4-AB84691A852C}.AppStore|x64.Deploy.0 = AppStore|iPhone
		{7208A75C-AE34-4788-92E4-AB84691A852C}.AppStore|x86.ActiveCfg = AppStore|iPhone
		{7208A75C-AE34-4788-92E4-AB84691A852C}.AppStore|x86.Build.0 = AppStore|iPhone
		{7208A75C-AE34-4788-92E4-AB84691A852C}.AppStore|x86.Deploy.0 = AppStore|iPhone
		{7208A75C-AE34-4788-92E4-AB84691A852C}.Debug|Any CPU.ActiveCfg = Debug|iPhoneSimulator
		{7208A75C-AE34-4788-92E4-AB84691A852C}.Debug|Any CPU.Build.0 = Debug|iPhoneSimulator
		{7208A75C-AE34-4788-92E4-AB84691A852C}.Debug|Any CPU.Deploy.0 = Debug|iPhoneSimulator
		{7208A75C-AE34-4788-92E4-AB84691A852C}.Debug|ARM.ActiveCfg = Debug|iPhone
		{7208A75C-AE34-4788-92E4-AB84691A852C}.Debug|ARM.Build.0 = Debug|iPhone
		{7208A75C-AE34-4788-92E4-AB84691A852C}.Debug|ARM.Deploy.0 = Debug|iPhone
		{7208A75C-AE34-4788-92E4-AB84691A852C}.Debug|iPhone.ActiveCfg = Debug|iPhone
		{7208A75C-AE34-4788-92E4-AB84691A852C}.Debug|iPhone.Build.0 = Debug|iPhone
		{7208A75C-AE34-4788-92E4-AB84691A852C}.Debug|iPhone.Deploy.0 = Debug|iPhone
		{7208A75C-AE34-4788-92E4-AB84691A852C}.Debug|iPhoneSimulator.ActiveCfg = Debug|iPhoneSimulator
		{7208A75C-AE34-4788-92E4-AB84691A852C}.Debug|iPhoneSimulator.Build.0 = Debug|iPhoneSimulator
		{7208A75C-AE34-4788-92E4-AB84691A852C}.Debug|iPhoneSimulator.Deploy.0 = Debug|iPhoneSimulator
		{7208A75C-AE34-4788-92E4-AB84691A852C}.Debug|x64.ActiveCfg = Debug|iPhone
		{7208A75C-AE34-4788-92E4-AB84691A852C}.Debug|x64.Build.0 = Debug|iPhone
		{7208A75C-AE34-4788-92E4-AB84691A852C}.Debug|x64.Deploy.0 = Debug|iPhone
		{7208A75C-AE34-4788-92E4-AB84691A852C}.Debug|x86.ActiveCfg = Debug|iPhone
		{7208A75C-AE34-4788-92E4-AB84691A852C}.Debug|x86.Build.0 = Debug|iPhone
		{7208A75C-AE34-4788-92E4-AB84691A852C}.Debug|x86.Deploy.0 = Debug|iPhone
		{7208A75C-AE34-4788-92E4-AB84691A852C}.Release|Any CPU.ActiveCfg = Release|iPhone
		{7208A75C-AE34-4788-92E4-AB84691A852C}.Release|Any CPU.Build.0 = Release|iPhone
		{7208A75C-AE34-4788-92E4-AB84691A852C}.Release|Any CPU.Deploy.0 = Release|iPhone
		{7208A75C-AE34-4788-92E4-AB84691A852C}.Release|ARM.ActiveCfg = Release|iPhone
		{7208A75C-AE34-4788-92E4-AB84691A852C}.Release|ARM.Build.0 = Release|iPhone
		{7208A75C-AE34-4788-92E4-AB84691A852C}.Release|ARM.Deploy.0 = Release|iPhone
		{7208A75C-AE34-4788-92E4-AB84691A852C}.Release|iPhone.ActiveCfg = Release|iPhone
		{7208A75C-AE34-4788-92E4-AB84691A852C}.Release|iPhone.Build.0 = Release|iPhone
		{7208A75C-AE34-4788-92E4-AB84691A852C}.Release|iPhone.Deploy.0 = Release|iPhone
		{7208A75C-AE34-4788-92E4-AB84691A852C}.Release|iPhoneSimulator.ActiveCfg = Release|iPhoneSimulator
		{7208A75C-AE34-4788-92E4-AB84691A852C}.Release|iPhoneSimulator.Build.0 = Release|iPhoneSimulator
		{7208A75C-AE34-4788-92E4-AB84691A852C}.Release|iPhoneSimulator.Deploy.0 = Release|iPhoneSimulator
		{7208A75C-AE34-4788-92E4-AB84691A852C}.Release|x64.ActiveCfg = Release|iPhone
		{7208A75C-AE34-4788-92E4-AB84691A852C}.Release|x64.Build.0 = Release|iPhone
		{7208A75C-AE34-4788-92E4-AB84691A852C}.Release|x64.Deploy.0 = Release|iPhone
		{7208A75C-AE34-4788-92E4-AB84691A852C}.Release|x86.ActiveCfg = Release|iPhone
		{7208A75C-AE34-4788-92E4-AB84691A852C}.Release|x86.Build.0 = Release|iPhone
		{7208A75C-AE34-4788-92E4-AB84691A852C}.Release|x86.Deploy.0 = Release|iPhone
		{C0FB533B-F99B-4292-8CF8-E4F1CE62B4DA}.Ad-Hoc|Any CPU.ActiveCfg = Release|x86
		{C0FB533B-F99B-4292-8CF8-E4F1CE62B4DA}.Ad-Hoc|Any CPU.Build.0 = Release|x86
		{C0FB533B-F99B-4292-8CF8-E4F1CE62B4DA}.Ad-Hoc|Any CPU.Deploy.0 = Release|x86
		{C0FB533B-F99B-4292-8CF8-E4F1CE62B4DA}.Ad-Hoc|ARM.ActiveCfg = Release|ARM
		{C0FB533B-F99B-4292-8CF8-E4F1CE62B4DA}.Ad-Hoc|ARM.Build.0 = Release|ARM
		{C0FB533B-F99B-4292-8CF8-E4F1CE62B4DA}.Ad-Hoc|ARM.Deploy.0 = Release|ARM
		{C0FB533B-F99B-4292-8CF8-E4F1CE62B4DA}.Ad-Hoc|iPhone.ActiveCfg = Release|x86
		{C0FB533B-F99B-4292-8CF8-E4F1CE62B4DA}.Ad-Hoc|iPhone.Build.0 = Release|x86
		{C0FB533B-F99B-4292-8CF8-E4F1CE62B4DA}.Ad-Hoc|iPhone.Deploy.0 = Release|x86
		{C0FB533B-F99B-4292-8CF8-E4F1CE62B4DA}.Ad-Hoc|iPhoneSimulator.ActiveCfg = Release|x86
		{C0FB533B-F99B-4292-8CF8-E4F1CE62B4DA}.Ad-Hoc|iPhoneSimulator.Build.0 = Release|x86
		{C0FB533B-F99B-4292-8CF8-E4F1CE62B4DA}.Ad-Hoc|iPhoneSimulator.Deploy.0 = Release|x86
		{C0FB533B-F99B-4292-8CF8-E4F1CE62B4DA}.Ad-Hoc|x64.ActiveCfg = Release|x64
		{C0FB533B-F99B-4292-8CF8-E4F1CE62B4DA}.Ad-Hoc|x64.Build.0 = Release|x64
		{C0FB533B-F99B-4292-8CF8-E4F1CE62B4DA}.Ad-Hoc|x64.Deploy.0 = Release|x64
		{C0FB533B-F99B-4292-8CF8-E4F1CE62B4DA}.Ad-Hoc|x86.ActiveCfg = Release|x86
		{C0FB533B-F99B-4292-8CF8-E4F1CE62B4DA}.Ad-Hoc|x86.Build.0 = Release|x86
		{C0FB533B-F99B-4292-8CF8-E4F1CE62B4DA}.Ad-Hoc|x86.Deploy.0 = Release|x86
		{C0FB533B-F99B-4292-8CF8-E4F1CE62B4DA}.AppStore|Any CPU.ActiveCfg = Release|x86
		{C0FB533B-F99B-4292-8CF8-E4F1CE62B4DA}.AppStore|Any CPU.Build.0 = Release|x86
		{C0FB533B-F99B-4292-8CF8-E4F1CE62B4DA}.AppStore|Any CPU.Deploy.0 = Release|x86
		{C0FB533B-F99B-4292-8CF8-E4F1CE62B4DA}.AppStore|ARM.ActiveCfg = Release|ARM
		{C0FB533B-F99B-4292-8CF8-E4F1CE62B4DA}.AppStore|ARM.Build.0 = Release|ARM
		{C0FB533B-F99B-4292-8CF8-E4F1CE62B4DA}.AppStore|ARM.Deploy.0 = Release|ARM
		{C0FB533B-F99B-4292-8CF8-E4F1CE62B4DA}.AppStore|iPhone.ActiveCfg = Release|x86
		{C0FB533B-F99B-4292-8CF8-E4F1CE62B4DA}.AppStore|iPhone.Build.0 = Release|x86
		{C0FB533B-F99B-4292-8CF8-E4F1CE62B4DA}.AppStore|iPhone.Deploy.0 = Release|x86
		{C0FB533B-F99B-4292-8CF8-E4F1CE62B4DA}.AppStore|iPhoneSimulator.ActiveCfg = Release|x86
		{C0FB533B-F99B-4292-8CF8-E4F1CE62B4DA}.AppStore|iPhoneSimulator.Build.0 = Release|x86
		{C0FB533B-F99B-4292-8CF8-E4F1CE62B4DA}.AppStore|iPhoneSimulator.Deploy.0 = Release|x86
		{C0FB533B-F99B-4292-8CF8-E4F1CE62B4DA}.AppStore|x64.ActiveCfg = Release|x64
		{C0FB533B-F99B-4292-8CF8-E4F1CE62B4DA}.AppStore|x64.Build.0 = Release|x64
		{C0FB533B-F99B-4292-8CF8-E4F1CE62B4DA}.AppStore|x64.Deploy.0 = Release|x64
		{C0FB533B-F99B-4292-8CF8-E4F1CE62B4DA}.AppStore|x86.ActiveCfg = Release|x86
		{C0FB533B-F99B-4292-8CF8-E4F1CE62B4DA}.AppStore|x86.Build.0 = Release|x86
		{C0FB533B-F99B-4292-8CF8-E4F1CE62B4DA}.AppStore|x86.Deploy.0 = Release|x86
		{C0FB533B-F99B-4292-8CF8-E4F1CE62B4DA}.Debug|Any CPU.ActiveCfg = Debug|x86
		{C0FB533B-F99B-4292-8CF8-E4F1CE62B4DA}.Debug|Any CPU.Build.0 = Debug|x86
		{C0FB533B-F99B-4292-8CF8-E4F1CE62B4DA}.Debug|Any CPU.Deploy.0 = Debug|x86
		{C0FB533B-F99B-4292-8CF8-E4F1CE62B4DA}.Debug|ARM.ActiveCfg = Debug|ARM
		{C0FB533B-F99B-4292-8CF8-E4F1CE62B4DA}.Debug|ARM.Build.0 = Debug|ARM
		{C0FB533B-F99B-4292-8CF8-E4F1CE62B4DA}.Debug|ARM.Deploy.0 = Debug|ARM
		{C0FB533B-F99B-4292-8CF8-E4F1CE62B4DA}.Debug|iPhone.ActiveCfg = Debug|x86
		{C0FB533B-F99B-4292-8CF8-E4F1CE62B4DA}.Debug|iPhone.Build.0 = Debug|x86
		{C0FB533B-F99B-4292-8CF8-E4F1CE62B4DA}.Debug|iPhone.Deploy.0 = Debug|x86
		{C0FB533B-F99B-4292-8CF8-E4F1CE62B4DA}.Debug|iPhoneSimulator.ActiveCfg = Debug|x86
		{C0FB533B-F99B-4292-8CF8-E4F1CE62B4DA}.Debug|iPhoneSimulator.Build.0 = Debug|x86
		{C0FB533B-F99B-4292-8CF8-E4F1CE62B4DA}.Debug|iPhoneSimulator.Deploy.0 = Debug|x86
		{C0FB533B-F99B-4292-8CF8-E4F1CE62B4DA}.Debug|x64.ActiveCfg = Debug|x64
		{C0FB533B-F99B-4292-8CF8-E4F1CE62B4DA}.Debug|x64.Build.0 = Debug|x64
		{C0FB533B-F99B-4292-8CF8-E4F1CE62B4DA}.Debug|x64.Deploy.0 = Debug|x64
		{C0FB533B-F99B-4292-8CF8-E4F1CE62B4DA}.Debug|x86.ActiveCfg = Debug|x86
		{C0FB533B-F99B-4292-8CF8-E4F1CE62B4DA}.Debug|x86.Build.0 = Debug|x86
		{C0FB533B-F99B-4292-8CF8-E4F1CE62B4DA}.Debug|x86.Deploy.0 = Debug|x86
		{C0FB533B-F99B-4292-8CF8-E4F1CE62B4DA}.Release|Any CPU.ActiveCfg = Release|x86
		{C0FB533B-F99B-4292-8CF8-E4F1CE62B4DA}.Release|Any CPU.Build.0 = Release|x86
		{C0FB533B-F99B-4292-8CF8-E4F1CE62B4DA}.Release|Any CPU.Deploy.0 = Release|x86
		{C0FB533B-F99B-4292-8CF8-E4F1CE62B4DA}.Release|ARM.ActiveCfg = Release|ARM
		{C0FB533B-F99B-4292-8CF8-E4F1CE62B4DA}.Release|ARM.Build.0 = Release|ARM
		{C0FB533B-F99B-4292-8CF8-E4F1CE62B4DA}.Release|ARM.Deploy.0 = Release|ARM
		{C0FB533B-F99B-4292-8CF8-E4F1CE62B4DA}.Release|iPhone.ActiveCfg = Release|x86
		{C0FB533B-F99B-4292-8CF8-E4F1CE62B4DA}.Release|iPhone.Build.0 = Release|x86
		{C0FB533B-F99B-4292-8CF8-E4F1CE62B4DA}.Release|iPhone.Deploy.0 = Release|x86
		{C0FB533B-F99B-4292-8CF8-E4F1CE62B4DA}.Release|iPhoneSimulator.ActiveCfg = Release|x86
		{C0FB533B-F99B-4292-8CF8-E4F1CE62B4DA}.Release|iPhoneSimulator.Build.0 = Release|x86
		{C0FB533B-F99B-4292-8CF8-E4F1CE62B4DA}.Release|iPhoneSimulator.Deploy.0 = Release|x86
		{C0FB533B-F99B-4292-8CF8-E4F1CE62B4DA}.Release|x64.ActiveCfg = Release|x64
		{C0FB533B-F99B-4292-8CF8-E4F1CE62B4DA}.Release|x64.Build.0 = Release|x64
		{C0FB533B-F99B-4292-8CF8-E4F1CE62B4DA}.Release|x64.Deploy.0 = Release|x64
		{C0FB533B-F99B-4292-8CF8-E4F1CE62B4DA}.Release|x86.ActiveCfg = Release|x86
		{C0FB533B-F99B-4292-8CF8-E4F1CE62B4DA}.Release|x86.Build.0 = Release|x86
		{C0FB533B-F99B-4292-8CF8-E4F1CE62B4DA}.Release|x86.Deploy.0 = Release|x86
		{70E94937-39B4-453A-A480-0078EF8B5A45}.Ad-Hoc|Any CPU.ActiveCfg = Debug|Any CPU
		{70E94937-39B4-453A-A480-0078EF8B5A45}.Ad-Hoc|Any CPU.Build.0 = Debug|Any CPU
		{70E94937-39B4-453A-A480-0078EF8B5A45}.Ad-Hoc|Any CPU.Deploy.0 = Debug|Any CPU
		{70E94937-39B4-453A-A480-0078EF8B5A45}.Ad-Hoc|ARM.ActiveCfg = Debug|Any CPU
		{70E94937-39B4-453A-A480-0078EF8B5A45}.Ad-Hoc|ARM.Build.0 = Debug|Any CPU
		{70E94937-39B4-453A-A480-0078EF8B5A45}.Ad-Hoc|ARM.Deploy.0 = Debug|Any CPU
		{70E94937-39B4-453A-A480-0078EF8B5A45}.Ad-Hoc|iPhone.ActiveCfg = Debug|Any CPU
		{70E94937-39B4-453A-A480-0078EF8B5A45}.Ad-Hoc|iPhone.Build.0 = Debug|Any CPU
		{70E94937-39B4-453A-A480-0078EF8B5A45}.Ad-Hoc|iPhone.Deploy.0 = Debug|Any CPU
		{70E94937-39B4-453A-A480-0078EF8B5A45}.Ad-Hoc|iPhoneSimulator.ActiveCfg = Debug|Any CPU
		{70E94937-39B4-453A-A480-0078EF8B5A45}.Ad-Hoc|iPhoneSimulator.Build.0 = Debug|Any CPU
		{70E94937-39B4-453A-A480-0078EF8B5A45}.Ad-Hoc|iPhoneSimulator.Deploy.0 = Debug|Any CPU
		{70E94937-39B4-453A-A480-0078EF8B5A45}.Ad-Hoc|x64.ActiveCfg = Debug|Any CPU
		{70E94937-39B4-453A-A480-0078EF8B5A45}.Ad-Hoc|x64.Build.0 = Debug|Any CPU
		{70E94937-39B4-453A-A480-0078EF8B5A45}.Ad-Hoc|x64.Deploy.0 = Debug|Any CPU
		{70E94937-39B4-453A-A480-0078EF8B5A45}.Ad-Hoc|x86.ActiveCfg = Debug|Any CPU
		{70E94937-39B4-453A-A480-0078EF8B5A45}.Ad-Hoc|x86.Build.0 = Debug|Any CPU
		{70E94937-39B4-453A-A480-0078EF8B5A45}.Ad-Hoc|x86.Deploy.0 = Debug|Any CPU
		{70E94937-39B4-453A-A480-0078EF8B5A45}.AppStore|Any CPU.ActiveCfg = Debug|Any CPU
		{70E94937-39B4-453A-A480-0078EF8B5A45}.AppStore|Any CPU.Build.0 = Debug|Any CPU
		{70E94937-39B4-453A-A480-0078EF8B5A45}.AppStore|Any CPU.Deploy.0 = Debug|Any CPU
		{70E94937-39B4-453A-A480-0078EF8B5A45}.AppStore|ARM.ActiveCfg = Debug|Any CPU
		{70E94937-39B4-453A-A480-0078EF8B5A45}.AppStore|ARM.Build.0 = Debug|Any CPU
		{70E94937-39B4-453A-A480-0078EF8B5A45}.AppStore|ARM.Deploy.0 = Debug|Any CPU
		{70E94937-39B4-453A-A480-0078EF8B5A45}.AppStore|iPhone.ActiveCfg = Debug|Any CPU
		{70E94937-39B4-453A-A480-0078EF8B5A45}.AppStore|iPhone.Build.0 = Debug|Any CPU
		{70E94937-39B4-453A-A480-0078EF8B5A45}.AppStore|iPhone.Deploy.0 = Debug|Any CPU
		{70E94937-39B4-453A-A480-0078EF8B5A45}.AppStore|iPhoneSimulator.ActiveCfg = Debug|Any CPU
		{70E94937-39B4-453A-A480-0078EF8B5A45}.AppStore|iPhoneSimulator.Build.0 = Debug|Any CPU
		{70E94937-39B4-453A-A480-0078EF8B5A45}.AppStore|iPhoneSimulator.Deploy.0 = Debug|Any CPU
		{70E94937-39B4-453A-A480-0078EF8B5A45}.AppStore|x64.ActiveCfg = Debug|Any CPU
		{70E94937-39B4-453A-A480-0078EF8B5A45}.AppStore|x64.Build.0 = Debug|Any CPU
		{70E94937-39B4-453A-A480-0078EF8B5A45}.AppStore|x64.Deploy.0 = Debug|Any CPU
		{70E94937-39B4-453A-A480-0078EF8B5A45}.AppStore|x86.ActiveCfg = Debug|Any CPU
		{70E94937-39B4-453A-A480-0078EF8B5A45}.AppStore|x86.Build.0 = Debug|Any CPU
		{70E94937-39B4-453A-A480-0078EF8B5A45}.AppStore|x86.Deploy.0 = Debug|Any CPU
		{70E94937-39B4-453A-A480-0078EF8B5A45}.Debug|Any CPU.ActiveCfg = Debug|Any CPU
		{70E94937-39B4-453A-A480-0078EF8B5A45}.Debug|Any CPU.Build.0 = Debug|Any CPU
		{70E94937-39B4-453A-A480-0078EF8B5A45}.Debug|Any CPU.Deploy.0 = Debug|Any CPU
		{70E94937-39B4-453A-A480-0078EF8B5A45}.Debug|ARM.ActiveCfg = Debug|Any CPU
		{70E94937-39B4-453A-A480-0078EF8B5A45}.Debug|ARM.Build.0 = Debug|Any CPU
		{70E94937-39B4-453A-A480-0078EF8B5A45}.Debug|ARM.Deploy.0 = Debug|Any CPU
		{70E94937-39B4-453A-A480-0078EF8B5A45}.Debug|iPhone.ActiveCfg = Debug|Any CPU
		{70E94937-39B4-453A-A480-0078EF8B5A45}.Debug|iPhone.Build.0 = Debug|Any CPU
		{70E94937-39B4-453A-A480-0078EF8B5A45}.Debug|iPhone.Deploy.0 = Debug|Any CPU
		{70E94937-39B4-453A-A480-0078EF8B5A45}.Debug|iPhoneSimulator.ActiveCfg = Debug|Any CPU
		{70E94937-39B4-453A-A480-0078EF8B5A45}.Debug|iPhoneSimulator.Build.0 = Debug|Any CPU
		{70E94937-39B4-453A-A480-0078EF8B5A45}.Debug|iPhoneSimulator.Deploy.0 = Debug|Any CPU
		{70E94937-39B4-453A-A480-0078EF8B5A45}.Debug|x64.ActiveCfg = Debug|Any CPU
		{70E94937-39B4-453A-A480-0078EF8B5A45}.Debug|x64.Build.0 = Debug|Any CPU
		{70E94937-39B4-453A-A480-0078EF8B5A45}.Debug|x64.Deploy.0 = Debug|Any CPU
		{70E94937-39B4-453A-A480-0078EF8B5A45}.Debug|x86.ActiveCfg = Debug|Any CPU
		{70E94937-39B4-453A-A480-0078EF8B5A45}.Debug|x86.Build.0 = Debug|Any CPU
		{70E94937-39B4-453A-A480-0078EF8B5A45}.Debug|x86.Deploy.0 = Debug|Any CPU
		{70E94937-39B4-453A-A480-0078EF8B5A45}.Release|Any CPU.ActiveCfg = Release|Any CPU
		{70E94937-39B4-453A-A480-0078EF8B5A45}.Release|Any CPU.Build.0 = Release|Any CPU
		{70E94937-39B4-453A-A480-0078EF8B5A45}.Release|Any CPU.Deploy.0 = Release|Any CPU
		{70E94937-39B4-453A-A480-0078EF8B5A45}.Release|ARM.ActiveCfg = Release|Any CPU
		{70E94937-39B4-453A-A480-0078EF8B5A45}.Release|ARM.Build.0 = Release|Any CPU
		{70E94937-39B4-453A-A480-0078EF8B5A45}.Release|ARM.Deploy.0 = Release|Any CPU
		{70E94937-39B4-453A-A480-0078EF8B5A45}.Release|iPhone.ActiveCfg = Release|Any CPU
		{70E94937-39B4-453A-A480-0078EF8B5A45}.Release|iPhone.Build.0 = Release|Any CPU
		{70E94937-39B4-453A-A480-0078EF8B5A45}.Release|iPhone.Deploy.0 = Release|Any CPU
		{70E94937-39B4-453A-A480-0078EF8B5A45}.Release|iPhoneSimulator.ActiveCfg = Release|Any CPU
		{70E94937-39B4-453A-A480-0078EF8B5A45}.Release|iPhoneSimulator.Build.0 = Release|Any CPU
		{70E94937-39B4-453A-A480-0078EF8B5A45}.Release|iPhoneSimulator.Deploy.0 = Release|Any CPU
		{70E94937-39B4-453A-A480-0078EF8B5A45}.Release|x64.ActiveCfg = Release|Any CPU
		{70E94937-39B4-453A-A480-0078EF8B5A45}.Release|x64.Build.0 = Release|Any CPU
		{70E94937-39B4-453A-A480-0078EF8B5A45}.Release|x64.Deploy.0 = Release|Any CPU
		{70E94937-39B4-453A-A480-0078EF8B5A45}.Release|x86.ActiveCfg = Release|Any CPU
		{70E94937-39B4-453A-A480-0078EF8B5A45}.Release|x86.Build.0 = Release|Any CPU
		{70E94937-39B4-453A-A480-0078EF8B5A45}.Release|x86.Deploy.0 = Release|Any CPU
	EndGlobalSection
	GlobalSection(SolutionProperties) = preSolution
		HideSolutionNode = FALSE
	EndGlobalSection
	GlobalSection(ExtensibilityGlobals) = postSolution
		SolutionGuid = {14876E3E-7041-42ED-8F30-FEDA2A293269}
	EndGlobalSection
EndGlobal
