
Microsoft Visual Studio Solution File, Format Version 12.00
# Visual Studio 15
VisualStudioVersion = 15.0.27703.2035
MinimumVisualStudioVersion = 10.0.40219.1
Project("{FAE04EC0-301F-11D3-BF4B-00C04F79EFBC}") = "Sales.Android", "Sales\Sales.Android\Sales.Android.csproj", "{E9A394AE-3B38-4F0D-A01E-A340CC040EDB}"
EndProject
Project("{FAE04EC0-301F-11D3-BF4B-00C04F79EFBC}") = "Sales.iOS", "Sales\Sales.iOS\Sales.iOS.csproj", "{7208A75C-AE34-4788-92E4-AB84691A852C}"
EndProject
Project("{9A19103F-16F7-4668-BE54-9A1E7A4F7556}") = "Sales", "Sales\Sales\Sales.csproj", "{70E94937-39B4-453A-A480-0078EF8B5A45}"
EndProject
Project("{FAE04EC0-301F-11D3-BF4B-00C04F79EFBC}") = "Sales.Backend", "Sales.Backend\Sales.Backend.csproj", "{928FBE06-D70F-4CF6-9822-27B0D319ABEA}"
EndProject
Project("{FAE04EC0-301F-11D3-BF4B-00C04F79EFBC}") = "Sales.API", "Sales.API\Sales.API.csproj", "{78E8718A-72A9-4E27-8B42-8B2FC85710B7}"
EndProject
Project("{FAE04EC0-301F-11D3-BF4B-00C04F79EFBC}") = "Sales.Domain", "Sales.Domain\Sales.Domain.csproj", "{5A5CD8D6-9AC0-4987-BF6A-F3A097EB3BF0}"
EndProject
Project("{FAE04EC0-301F-11D3-BF4B-00C04F79EFBC}") = "Sales.Common", "Sales.Common\Sales.Common.csproj", "{B992DC91-0B92-4174-88DC-27296D053666}"
EndProject
Global
	GlobalSection(SolutionConfigurationPlatforms) = preSolution
		Ad-Hoc|Any CPU = Ad-Hoc|Any CPU
		Ad-Hoc|ARM = Ad-Hoc|ARM
		Ad-Hoc|iPhone = Ad-Hoc|iPhone
		Ad-Hoc|iPhoneSimulator = Ad-Hoc|iPhoneSimulator
		Ad-Hoc|x64 = Ad-Hoc|x64
		Ad-Hoc|x86 = Ad-Hoc|x86
		AppStore|Any CPU = AppStore|Any CPU
		AppStore|ARM = AppStore|ARM
		AppStore|iPhone = AppStore|iPhone
		AppStore|iPhoneSimulator = AppStore|iPhoneSimulator
		AppStore|x64 = AppStore|x64
		AppStore|x86 = AppStore|x86
		Debug|Any CPU = Debug|Any CPU
		Debug|ARM = Debug|ARM
		Debug|iPhone = Debug|iPhone
		Debug|iPhoneSimulator = Debug|iPhoneSimulator
		Debug|x64 = Debug|x64
		Debug|x86 = Debug|x86
		Release|Any CPU = Release|Any CPU
		Release|ARM = Release|ARM
		Release|iPhone = Release|iPhone
		Release|iPhoneSimulator = Release|iPhoneSimulator
		Release|x64 = Release|x64
		Release|x86 = Release|x86
	EndGlobalSection
	GlobalSection(ProjectConfigurationPlatforms) = postSolution
		{E9A394AE-3B38-4F0D-A01E-A340CC040EDB}.Ad-Hoc|Any CPU.ActiveCfg = Release|Any CPU
		{E9A394AE-3B38-4F0D-A01E-A340CC040EDB}.Ad-Hoc|Any CPU.Build.0 = Release|Any CPU
		{E9A394AE-3B38-4F0D-A01E-A340CC040EDB}.Ad-Hoc|Any CPU.Deploy.0 = Release|Any CPU
		{E9A394AE-3B38-4F0D-A01E-A340CC040EDB}.Ad-Hoc|ARM.ActiveCfg = Release|Any CPU
		{E9A394AE-3B38-4F0D-A01E-A340CC040EDB}.Ad-Hoc|ARM.Build.0 = Release|Any CPU
		{E9A394AE-3B38-4F0D-A01E-A340CC040EDB}.Ad-Hoc|ARM.Deploy.0 = Release|Any CPU
		{E9A394AE-3B38-4F0D-A01E-A340CC040EDB}.Ad-Hoc|iPhone.ActiveCfg = Release|Any CPU
		{E9A394AE-3B38-4F0D-A01E-A340CC040EDB}.Ad-Hoc|iPhone.Build.0 = Release|Any CPU
		{E9A394AE-3B38-4F0D-A01E-A340CC040EDB}.Ad-Hoc|iPhone.Deploy.0 = Release|Any CPU
		{E9A394AE-3B38-4F0D-A01E-A340CC040EDB}.Ad-Hoc|iPhoneSimulator.ActiveCfg = Release|Any CPU
		{E9A394AE-3B38-4F0D-A01E-A340CC040EDB}.Ad-Hoc|iPhoneSimulator.Build.0 = Release|Any CPU
		{E9A394AE-3B38-4F0D-A01E-A340CC040EDB}.Ad-Hoc|iPhoneSimulator.Deploy.0 = Release|Any CPU
		{E9A394AE-3B38-4F0D-A01E-A340CC040EDB}.Ad-Hoc|x64.ActiveCfg = Release|Any CPU
		{E9A394AE-3B38-4F0D-A01E-A340CC040EDB}.Ad-Hoc|x64.Build.0 = Release|Any CPU
		{E9A394AE-3B38-4F0D-A01E-A340CC040EDB}.Ad-Hoc|x64.Deploy.0 = Release|Any CPU
		{E9A394AE-3B38-4F0D-A01E-A340CC040EDB}.Ad-Hoc|x86.ActiveCfg = Release|Any CPU
		{E9A394AE-3B38-4F0D-A01E-A340CC040EDB}.Ad-Hoc|x86.Build.0 = Release|Any CPU
		{E9A394AE-3B38-4F0D-A01E-A340CC040EDB}.Ad-Hoc|x86.Deploy.0 = Release|Any CPU
		{E9A394AE-3B38-4F0D-A01E-A340CC040EDB}.AppStore|Any CPU.ActiveCfg = Release|Any CPU
		{E9A394AE-3B38-4F0D-A01E-A340CC040EDB}.AppStore|Any CPU.Build.0 = Release|Any CPU
		{E9A394AE-3B38-4F0D-A01E-A340CC040EDB}.AppStore|Any CPU.Deploy.0 = Release|Any CPU
		{E9A394AE-3B38-4F0D-A01E-A340CC040EDB}.AppStore|ARM.ActiveCfg = Release|Any CPU
		{E9A394AE-3B38-4F0D-A01E-A340CC040EDB}.AppStore|ARM.Build.0 = Release|Any CPU
		{E9A394AE-3B38-4F0D-A01E-A340CC040EDB}.AppStore|ARM.Deploy.0 = Release|Any CPU
		{E9A394AE-3B38-4F0D-A01E-A340CC040EDB}.AppStore|iPhone.ActiveCfg = Release|Any CPU
		{E9A394AE-3B38-4F0D-A01E-A340CC040EDB}.AppStore|iPhone.Build.0 = Release|Any CPU
		{E9A394AE-3B38-4F0D-A01E-A340CC040EDB}.AppStore|iPhone.Deploy.0 = Release|Any CPU
		{E9A394AE-3B38-4F0D-A01E-A340CC040EDB}.AppStore|iPhoneSimulator.ActiveCfg = Release|Any CPU
		{E9A394AE-3B38-4F0D-A01E-A340CC040EDB}.AppStore|iPhoneSimulator.Build.0 = Release|Any CPU
		{E9A394AE-3B38-4F0D-A01E-A340CC040EDB}.AppStore|iPhoneSimulator.Deploy.0 = Release|Any CPU
		{E9A394AE-3B38-4F0D-A01E-A340CC040EDB}.AppStore|x64.ActiveCfg = Release|Any CPU
		{E9A394AE-3B38-4F0D-A01E-A340CC040EDB}.AppStore|x64.Build.0 = Release|Any CPU
		{E9A394AE-3B38-4F0D-A01E-A340CC040EDB}.AppStore|x64.Deploy.0 = Release|Any CPU
		{E9A394AE-3B38-4F0D-A01E-A340CC040EDB}.AppStore|x86.ActiveCfg = Release|Any CPU
		{E9A394AE-3B38-4F0D-A01E-A340CC040EDB}.AppStore|x86.Build.0 = Release|Any CPU
		{E9A394AE-3B38-4F0D-A01E-A340CC040EDB}.AppStore|x86.Deploy.0 = Release|Any CPU
		{E9A394AE-3B38-4F0D-A01E-A340CC040EDB}.Debug|Any CPU.ActiveCfg = Debug|Any CPU
		{E9A394AE-3B38-4F0D-A01E-A340CC040EDB}.Debug|Any CPU.Build.0 = Debug|Any CPU
		{E9A394AE-3B38-4F0D-A01E-A340CC040EDB}.Debug|Any CPU.Deploy.0 = Debug|Any CPU
		{E9A394AE-3B38-4F0D-A01E-A340CC040EDB}.Debug|ARM.ActiveCfg = Debug|Any CPU
		{E9A394AE-3B38-4F0D-A01E-A340CC040EDB}.Debug|ARM.Build.0 = Debug|Any CPU
		{E9A394AE-3B38-4F0D-A01E-A340CC040EDB}.Debug|ARM.Deploy.0 = Debug|Any CPU
		{E9A394AE-3B38-4F0D-A01E-A340CC040EDB}.Debug|iPhone.ActiveCfg = Debug|Any CPU
		{E9A394AE-3B38-4F0D-A01E-A340CC040EDB}.Debug|iPhone.Build.0 = Debug|Any CPU
		{E9A394AE-3B38-4F0D-A01E-A340CC040EDB}.Debug|iPhone.Deploy.0 = Debug|Any CPU
		{E9A394AE-3B38-4F0D-A01E-A340CC040EDB}.Debug|iPhoneSimulator.ActiveCfg = Debug|Any CPU
		{E9A394AE-3B38-4F0D-A01E-A340CC040EDB}.Debug|iPhoneSimulator.Build.0 = Debug|Any CPU
		{E9A394AE-3B38-4F0D-A01E-A340CC040EDB}.Debug|iPhoneSimulator.Deploy.0 = Debug|Any CPU
		{E9A394AE-3B38-4F0D-A01E-A340CC040EDB}.Debug|x64.ActiveCfg = Debug|Any CPU
		{E9A394AE-3B38-4F0D-A01E-A340CC040EDB}.Debug|x64.Build.0 = Debug|Any CPU
		{E9A394AE-3B38-4F0D-A01E-A340CC040EDB}.Debug|x64.Deploy.0 = Debug|Any CPU
		{E9A394AE-3B38-4F0D-A01E-A340CC040EDB}.Debug|x86.ActiveCfg = Debug|Any CPU
		{E9A394AE-3B38-4F0D-A01E-A340CC040EDB}.Debug|x86.Build.0 = Debug|Any CPU
		{E9A394AE-3B38-4F0D-A01E-A340CC040EDB}.Debug|x86.Deploy.0 = Debug|Any CPU
		{E9A394AE-3B38-4F0D-A01E-A340CC040EDB}.Release|Any CPU.ActiveCfg = Release|Any CPU
		{E9A394AE-3B38-4F0D-A01E-A340CC040EDB}.Release|Any CPU.Build.0 = Release|Any CPU
		{E9A394AE-3B38-4F0D-A01E-A340CC040EDB}.Release|Any CPU.Deploy.0 = Release|Any CPU
		{E9A394AE-3B38-4F0D-A01E-A340CC040EDB}.Release|ARM.ActiveCfg = Release|Any CPU
		{E9A394AE-3B38-4F0D-A01E-A340CC040EDB}.Release|ARM.Build.0 = Release|Any CPU
		{E9A394AE-3B38-4F0D-A01E-A340CC040EDB}.Release|ARM.Deploy.0 = Release|Any CPU
		{E9A394AE-3B38-4F0D-A01E-A340CC040EDB}.Release|iPhone.ActiveCfg = Release|Any CPU
		{E9A394AE-3B38-4F0D-A01E-A340CC040EDB}.Release|iPhone.Build.0 = Release|Any CPU
		{E9A394AE-3B38-4F0D-A01E-A340CC040EDB}.Release|iPhone.Deploy.0 = Release|Any CPU
		{E9A394AE-3B38-4F0D-A01E-A340CC040EDB}.Release|iPhoneSimulator.ActiveCfg = Release|Any CPU
		{E9A394AE-3B38-4F0D-A01E-A340CC040EDB}.Release|iPhoneSimulator.Build.0 = Release|Any CPU
		{E9A394AE-3B38-4F0D-A01E-A340CC040EDB}.Release|iPhoneSimulator.Deploy.0 = Release|Any CPU
		{E9A394AE-3B38-4F0D-A01E-A340CC040EDB}.Release|x64.ActiveCfg = Release|Any CPU
		{E9A394AE-3B38-4F0D-A01E-A340CC040EDB}.Release|x64.Build.0 = Release|Any CPU
		{E9A394AE-3B38-4F0D-A01E-A340CC040EDB}.Release|x64.Deploy.0 = Release|Any CPU
		{E9A394AE-3B38-4F0D-A01E-A340CC040EDB}.Release|x86.ActiveCfg = Release|Any CPU
		{E9A394AE-3B38-4F0D-A01E-A340CC040EDB}.Release|x86.Build.0 = Release|Any CPU
		{E9A394AE-3B38-4F0D-A01E-A340CC040EDB}.Release|x86.Deploy.0 = Release|Any CPU
		{7208A75C-AE34-4788-92E4-AB84691A852C}.Ad-Hoc|Any CPU.ActiveCfg = Ad-Hoc|iPhone
		{7208A75C-AE34-4788-92E4-AB84691A852C}.Ad-Hoc|Any CPU.Build.0 = Ad-Hoc|iPhone
		{7208A75C-AE34-4788-92E4-AB84691A852C}.Ad-Hoc|Any CPU.Deploy.0 = Ad-Hoc|iPhone
		{7208A75C-AE34-4788-92E4-AB84691A852C}.Ad-Hoc|ARM.ActiveCfg = Ad-Hoc|iPhone
		{7208A75C-AE34-4788-92E4-AB84691A852C}.Ad-Hoc|ARM.Build.0 = Ad-Hoc|iPhone
		{7208A75C-AE34-4788-92E4-AB84691A852C}.Ad-Hoc|ARM.Deploy.0 = Ad-Hoc|iPhone
		{7208A75C-AE34-4788-92E4-AB84691A852C}.Ad-Hoc|iPhone.ActiveCfg = Ad-Hoc|iPhone
		{7208A75C-AE34-4788-92E4-AB84691A852C}.Ad-Hoc|iPhone.Build.0 = Ad-Hoc|iPhone
		{7208A75C-AE34-4788-92E4-AB84691A852C}.Ad-Hoc|iPhone.Deploy.0 = Ad-Hoc|iPhone
		{7208A75C-AE34-4788-92E4-AB84691A852C}.Ad-Hoc|iPhoneSimulator.ActiveCfg = Ad-Hoc|iPhoneSimulator
		{7208A75C-AE34-4788-92E4-AB84691A852C}.Ad-Hoc|iPhoneSimulator.Build.0 = Ad-Hoc|iPhoneSimulator
		{7208A75C-AE34-4788-92E4-AB84691A852C}.Ad-Hoc|iPhoneSimulator.Deploy.0 = Ad-Hoc|iPhoneSimulator
		{7208A75C-AE34-4788-92E4-AB84691A852C}.Ad-Hoc|x64.ActiveCfg = Ad-Hoc|iPhone
		{7208A75C-AE34-4788-92E4-AB84691A852C}.Ad-Hoc|x64.Build.0 = Ad-Hoc|iPhone
		{7208A75C-AE34-4788-92E4-AB84691A852C}.Ad-Hoc|x64.Deploy.0 = Ad-Hoc|iPhone
		{7208A75C-AE34-4788-92E4-AB84691A852C}.Ad-Hoc|x86.ActiveCfg = Ad-Hoc|iPhone
		{7208A75C-AE34-4788-92E4-AB84691A852C}.Ad-Hoc|x86.Build.0 = Ad-Hoc|iPhone
		{7208A75C-AE34-4788-92E4-AB84691A852C}.Ad-Hoc|x86.Deploy.0 = Ad-Hoc|iPhone
		{7208A75C-AE34-4788-92E4-AB84691A852C}.AppStore|Any CPU.ActiveCfg = AppStore|iPhone
		{7208A75C-AE34-4788-92E4-AB84691A852C}.AppStore|Any CPU.Build.0 = AppStore|iPhone
		{7208A75C-AE34-4788-92E4-AB84691A852C}.AppStore|Any CPU.Deploy.0 = AppStore|iPhone
		{7208A75C-AE34-4788-92E4-AB84691A852C}.AppStore|ARM.ActiveCfg = AppStore|iPhone
		{7208A75C-AE34-4788-92E4-AB84691A852C}.AppStore|ARM.Build.0 = AppStore|iPhone
		{7208A75C-AE34-4788-92E4-AB84691A852C}.AppStore|ARM.Deploy.0 = AppStore|iPhone
		{7208A75C-AE34-4788-92E4-AB84691A852C}.AppStore|iPhone.ActiveCfg = AppStore|iPhone
		{7208A75C-AE34-4788-92E4-AB84691A852C}.AppStore|iPhone.Build.0 = AppStore|iPhone
		{7208A75C-AE34-4788-92E4-AB84691A852C}.AppStore|iPhone.Deploy.0 = AppStore|iPhone
		{7208A75C-AE34-4788-92E4-AB84691A852C}.AppStore|iPhoneSimulator.ActiveCfg = AppStore|iPhoneSimulator
		{7208A75C-AE34-4788-92E4-AB84691A852C}.AppStore|iPhoneSimulator.Build.0 = AppStore|iPhoneSimulator
		{7208A75C-AE34-4788-92E4-AB84691A852C}.AppStore|iPhoneSimulator.Deploy.0 = AppStore|iPhoneSimulator
		{7208A75C-AE34-4788-92E4-AB84691A852C}.AppStore|x64.ActiveCfg = AppStore|iPhone
		{7208A75C-AE34-4788-92E4-AB84691A852C}.AppStore|x64.Build.0 = AppStore|iPhone
		{7208A75C-AE34-4788-92E4-AB84691A852C}.AppStore|x64.Deploy.0 = AppStore|iPhone
		{7208A75C-AE34-4788-92E4-AB84691A852C}.AppStore|x86.ActiveCfg = AppStore|iPhone
		{7208A75C-AE34-4788-92E4-AB84691A852C}.AppStore|x86.Build.0 = AppStore|iPhone
		{7208A75C-AE34-4788-92E4-AB84691A852C}.AppStore|x86.Deploy.0 = AppStore|iPhone
		{7208A75C-AE34-4788-92E4-AB84691A852C}.Debug|Any CPU.ActiveCfg = Debug|iPhoneSimulator
		{7208A75C-AE34-4788-92E4-AB84691A852C}.Debug|Any CPU.Build.0 = Debug|iPhoneSimulator
		{7208A75C-AE34-4788-92E4-AB84691A852C}.Debug|Any CPU.Deploy.0 = Debug|iPhoneSimulator
		{7208A75C-AE34-4788-92E4-AB84691A852C}.Debug|ARM.ActiveCfg = Debug|iPhone
		{7208A75C-AE34-4788-92E4-AB84691A852C}.Debug|ARM.Build.0 = Debug|iPhone
		{7208A75C-AE34-4788-92E4-AB84691A852C}.Debug|ARM.Deploy.0 = Debug|iPhone
		{7208A75C-AE34-4788-92E4-AB84691A852C}.Debug|iPhone.ActiveCfg = Debug|iPhone
		{7208A75C-AE34-4788-92E4-AB84691A852C}.Debug|iPhone.Build.0 = Debug|iPhone
		{7208A75C-AE34-4788-92E4-AB84691A852C}.Debug|iPhone.Deploy.0 = Debug|iPhone
		{7208A75C-AE34-4788-92E4-AB84691A852C}.Debug|iPhoneSimulator.ActiveCfg = Debug|iPhoneSimulator
		{7208A75C-AE34-4788-92E4-AB84691A852C}.Debug|iPhoneSimulator.Build.0 = Debug|iPhoneSimulator
		{7208A75C-AE34-4788-92E4-AB84691A852C}.Debug|iPhoneSimulator.Deploy.0 = Debug|iPhoneSimulator
		{7208A75C-AE34-4788-92E4-AB84691A852C}.Debug|x64.ActiveCfg = Debug|iPhone
		{7208A75C-AE34-4788-92E4-AB84691A852C}.Debug|x64.Build.0 = Debug|iPhone
		{7208A75C-AE34-4788-92E4-AB84691A852C}.Debug|x64.Deploy.0 = Debug|iPhone
		{7208A75C-AE34-4788-92E4-AB84691A852C}.Debug|x86.ActiveCfg = Debug|iPhone
		{7208A75C-AE34-4788-92E4-AB84691A852C}.Debug|x86.Build.0 = Debug|iPhone
		{7208A75C-AE34-4788-92E4-AB84691A852C}.Debug|x86.Deploy.0 = Debug|iPhone
		{7208A75C-AE34-4788-92E4-AB84691A852C}.Release|Any CPU.ActiveCfg = Release|iPhone
		{7208A75C-AE34-4788-92E4-AB84691A852C}.Release|Any CPU.Build.0 = Release|iPhone
		{7208A75C-AE34-4788-92E4-AB84691A852C}.Release|Any CPU.Deploy.0 = Release|iPhone
		{7208A75C-AE34-4788-92E4-AB84691A852C}.Release|ARM.ActiveCfg = Release|iPhone
		{7208A75C-AE34-4788-92E4-AB84691A852C}.Release|ARM.Build.0 = Release|iPhone
		{7208A75C-AE34-4788-92E4-AB84691A852C}.Release|ARM.Deploy.0 = Release|iPhone
		{7208A75C-AE34-4788-92E4-AB84691A852C}.Release|iPhone.ActiveCfg = Release|iPhone
		{7208A75C-AE34-4788-92E4-AB84691A852C}.Release|iPhone.Build.0 = Release|iPhone
		{7208A75C-AE34-4788-92E4-AB84691A852C}.Release|iPhone.Deploy.0 = Release|iPhone
		{7208A75C-AE34-4788-92E4-AB84691A852C}.Release|iPhoneSimulator.ActiveCfg = Release|iPhoneSimulator
		{7208A75C-AE34-4788-92E4-AB84691A852C}.Release|iPhoneSimulator.Build.0 = Release|iPhoneSimulator
		{7208A75C-AE34-4788-92E4-AB84691A852C}.Release|iPhoneSimulator.Deploy.0 = Release|iPhoneSimulator
		{7208A75C-AE34-4788-92E4-AB84691A852C}.Release|x64.ActiveCfg = Release|iPhone
		{7208A75C-AE34-4788-92E4-AB84691A852C}.Release|x64.Build.0 = Release|iPhone
		{7208A75C-AE34-4788-92E4-AB84691A852C}.Release|x64.Deploy.0 = Release|iPhone
		{7208A75C-AE34-4788-92E4-AB84691A852C}.Release|x86.ActiveCfg = Release|iPhone
		{7208A75C-AE34-4788-92E4-AB84691A852C}.Release|x86.Build.0 = Release|iPhone
		{7208A75C-AE34-4788-92E4-AB84691A852C}.Release|x86.Deploy.0 = Release|iPhone
		{70E94937-39B4-453A-A480-0078EF8B5A45}.Ad-Hoc|Any CPU.ActiveCfg = Debug|Any CPU
		{70E94937-39B4-453A-A480-0078EF8B5A45}.Ad-Hoc|Any CPU.Build.0 = Debug|Any CPU
		{70E94937-39B4-453A-A480-0078EF8B5A45}.Ad-Hoc|Any CPU.Deploy.0 = Debug|Any CPU
		{70E94937-39B4-453A-A480-0078EF8B5A45}.Ad-Hoc|ARM.ActiveCfg = Debug|Any CPU
		{70E94937-39B4-453A-A480-0078EF8B5A45}.Ad-Hoc|ARM.Build.0 = Debug|Any CPU
		{70E94937-39B4-453A-A480-0078EF8B5A45}.Ad-Hoc|ARM.Deploy.0 = Debug|Any CPU
		{70E94937-39B4-453A-A480-0078EF8B5A45}.Ad-Hoc|iPhone.ActiveCfg = Debug|Any CPU
		{70E94937-39B4-453A-A480-0078EF8B5A45}.Ad-Hoc|iPhone.Build.0 = Debug|Any CPU
		{70E94937-39B4-453A-A480-0078EF8B5A45}.Ad-Hoc|iPhone.Deploy.0 = Debug|Any CPU
		{70E94937-39B4-453A-A480-0078EF8B5A45}.Ad-Hoc|iPhoneSimulator.ActiveCfg = Debug|Any CPU
		{70E94937-39B4-453A-A480-0078EF8B5A45}.Ad-Hoc|iPhoneSimulator.Build.0 = Debug|Any CPU
		{70E94937-39B4-453A-A480-0078EF8B5A45}.Ad-Hoc|iPhoneSimulator.Deploy.0 = Debug|Any CPU
		{70E94937-39B4-453A-A480-0078EF8B5A45}.Ad-Hoc|x64.ActiveCfg = Debug|Any CPU
		{70E94937-39B4-453A-A480-0078EF8B5A45}.Ad-Hoc|x64.Build.0 = Debug|Any CPU
		{70E94937-39B4-453A-A480-0078EF8B5A45}.Ad-Hoc|x64.Deploy.0 = Debug|Any CPU
		{70E94937-39B4-453A-A480-0078EF8B5A45}.Ad-Hoc|x86.ActiveCfg = Debug|Any CPU
		{70E94937-39B4-453A-A480-0078EF8B5A45}.Ad-Hoc|x86.Build.0 = Debug|Any CPU
		{70E94937-39B4-453A-A480-0078EF8B5A45}.Ad-Hoc|x86.Deploy.0 = Debug|Any CPU
		{70E94937-39B4-453A-A480-0078EF8B5A45}.AppStore|Any CPU.ActiveCfg = Debug|Any CPU
		{70E94937-39B4-453A-A480-0078EF8B5A45}.AppStore|Any CPU.Build.0 = Debug|Any CPU
		{70E94937-39B4-453A-A480-0078EF8B5A45}.AppStore|Any CPU.Deploy.0 = Debug|Any CPU
		{70E94937-39B4-453A-A480-0078EF8B5A45}.AppStore|ARM.ActiveCfg = Debug|Any CPU
		{70E94937-39B4-453A-A480-0078EF8B5A45}.AppStore|ARM.Build.0 = Debug|Any CPU
		{70E94937-39B4-453A-A480-0078EF8B5A45}.AppStore|ARM.Deploy.0 = Debug|Any CPU
		{70E94937-39B4-453A-A480-0078EF8B5A45}.AppStore|iPhone.ActiveCfg = Debug|Any CPU
		{70E94937-39B4-453A-A480-0078EF8B5A45}.AppStore|iPhone.Build.0 = Debug|Any CPU
		{70E94937-39B4-453A-A480-0078EF8B5A45}.AppStore|iPhone.Deploy.0 = Debug|Any CPU
		{70E94937-39B4-453A-A480-0078EF8B5A45}.AppStore|iPhoneSimulator.ActiveCfg = Debug|Any CPU
		{70E94937-39B4-453A-A480-0078EF8B5A45}.AppStore|iPhoneSimulator.Build.0 = Debug|Any CPU
		{70E94937-39B4-453A-A480-0078EF8B5A45}.AppStore|iPhoneSimulator.Deploy.0 = Debug|Any CPU
		{70E94937-39B4-453A-A480-0078EF8B5A45}.AppStore|x64.ActiveCfg = Debug|Any CPU
		{70E94937-39B4-453A-A480-0078EF8B5A45}.AppStore|x64.Build.0 = Debug|Any CPU
		{70E94937-39B4-453A-A480-0078EF8B5A45}.AppStore|x64.Deploy.0 = Debug|Any CPU
		{70E94937-39B4-453A-A480-0078EF8B5A45}.AppStore|x86.ActiveCfg = Debug|Any CPU
		{70E94937-39B4-453A-A480-0078EF8B5A45}.AppStore|x86.Build.0 = Debug|Any CPU
		{70E94937-39B4-453A-A480-0078EF8B5A45}.AppStore|x86.Deploy.0 = Debug|Any CPU
		{70E94937-39B4-453A-A480-0078EF8B5A45}.Debug|Any CPU.ActiveCfg = Debug|Any CPU
		{70E94937-39B4-453A-A480-0078EF8B5A45}.Debug|Any CPU.Build.0 = Debug|Any CPU
		{70E94937-39B4-453A-A480-0078EF8B5A45}.Debug|Any CPU.Deploy.0 = Debug|Any CPU
		{70E94937-39B4-453A-A480-0078EF8B5A45}.Debug|ARM.ActiveCfg = Debug|Any CPU
		{70E94937-39B4-453A-A480-0078EF8B5A45}.Debug|ARM.Build.0 = Debug|Any CPU
		{70E94937-39B4-453A-A480-0078EF8B5A45}.Debug|ARM.Deploy.0 = Debug|Any CPU
		{70E94937-39B4-453A-A480-0078EF8B5A45}.Debug|iPhone.ActiveCfg = Debug|Any CPU
		{70E94937-39B4-453A-A480-0078EF8B5A45}.Debug|iPhone.Build.0 = Debug|Any CPU
		{70E94937-39B4-453A-A480-0078EF8B5A45}.Debug|iPhone.Deploy.0 = Debug|Any CPU
		{70E94937-39B4-453A-A480-0078EF8B5A45}.Debug|iPhoneSimulator.ActiveCfg = Debug|Any CPU
		{70E94937-39B4-453A-A480-0078EF8B5A45}.Debug|iPhoneSimulator.Build.0 = Debug|Any CPU
		{70E94937-39B4-453A-A480-0078EF8B5A45}.Debug|iPhoneSimulator.Deploy.0 = Debug|Any CPU
		{70E94937-39B4-453A-A480-0078EF8B5A45}.Debug|x64.ActiveCfg = Debug|Any CPU
		{70E94937-39B4-453A-A480-0078EF8B5A45}.Debug|x64.Build.0 = Debug|Any CPU
		{70E94937-39B4-453A-A480-0078EF8B5A45}.Debug|x64.Deploy.0 = Debug|Any CPU
		{70E94937-39B4-453A-A480-0078EF8B5A45}.Debug|x86.ActiveCfg = Debug|Any CPU
		{70E94937-39B4-453A-A480-0078EF8B5A45}.Debug|x86.Build.0 = Debug|Any CPU
		{70E94937-39B4-453A-A480-0078EF8B5A45}.Debug|x86.Deploy.0 = Debug|Any CPU
		{70E94937-39B4-453A-A480-0078EF8B5A45}.Release|Any CPU.ActiveCfg = Release|Any CPU
		{70E94937-39B4-453A-A480-0078EF8B5A45}.Release|Any CPU.Build.0 = Release|Any CPU
		{70E94937-39B4-453A-A480-0078EF8B5A45}.Release|Any CPU.Deploy.0 = Release|Any CPU
		{70E94937-39B4-453A-A480-0078EF8B5A45}.Release|ARM.ActiveCfg = Release|Any CPU
		{70E94937-39B4-453A-A480-0078EF8B5A45}.Release|ARM.Build.0 = Release|Any CPU
		{70E94937-39B4-453A-A480-0078EF8B5A45}.Release|ARM.Deploy.0 = Release|Any CPU
		{70E94937-39B4-453A-A480-0078EF8B5A45}.Release|iPhone.ActiveCfg = Release|Any CPU
		{70E94937-39B4-453A-A480-0078EF8B5A45}.Release|iPhone.Build.0 = Release|Any CPU
		{70E94937-39B4-453A-A480-0078EF8B5A45}.Release|iPhone.Deploy.0 = Release|Any CPU
		{70E94937-39B4-453A-A480-0078EF8B5A45}.Release|iPhoneSimulator.ActiveCfg = Release|Any CPU
		{70E94937-39B4-453A-A480-0078EF8B5A45}.Release|iPhoneSimulator.Build.0 = Release|Any CPU
		{70E94937-39B4-453A-A480-0078EF8B5A45}.Release|iPhoneSimulator.Deploy.0 = Release|Any CPU
		{70E94937-39B4-453A-A480-0078EF8B5A45}.Release|x64.ActiveCfg = Release|Any CPU
		{70E94937-39B4-453A-A480-0078EF8B5A45}.Release|x64.Build.0 = Release|Any CPU
		{70E94937-39B4-453A-A480-0078EF8B5A45}.Release|x64.Deploy.0 = Release|Any CPU
		{70E94937-39B4-453A-A480-0078EF8B5A45}.Release|x86.ActiveCfg = Release|Any CPU
		{70E94937-39B4-453A-A480-0078EF8B5A45}.Release|x86.Build.0 = Release|Any CPU
		{70E94937-39B4-453A-A480-0078EF8B5A45}.Release|x86.Deploy.0 = Release|Any CPU
		{928FBE06-D70F-4CF6-9822-27B0D319ABEA}.Ad-Hoc|Any CPU.ActiveCfg = Release|Any CPU
		{928FBE06-D70F-4CF6-9822-27B0D319ABEA}.Ad-Hoc|Any CPU.Build.0 = Release|Any CPU
		{928FBE06-D70F-4CF6-9822-27B0D319ABEA}.Ad-Hoc|ARM.ActiveCfg = Release|Any CPU
		{928FBE06-D70F-4CF6-9822-27B0D319ABEA}.Ad-Hoc|ARM.Build.0 = Release|Any CPU
		{928FBE06-D70F-4CF6-9822-27B0D319ABEA}.Ad-Hoc|iPhone.ActiveCfg = Release|Any CPU
		{928FBE06-D70F-4CF6-9822-27B0D319ABEA}.Ad-Hoc|iPhone.Build.0 = Release|Any CPU
		{928FBE06-D70F-4CF6-9822-27B0D319ABEA}.Ad-Hoc|iPhoneSimulator.ActiveCfg = Release|Any CPU
		{928FBE06-D70F-4CF6-9822-27B0D319ABEA}.Ad-Hoc|iPhoneSimulator.Build.0 = Release|Any CPU
		{928FBE06-D70F-4CF6-9822-27B0D319ABEA}.Ad-Hoc|x64.ActiveCfg = Release|Any CPU
		{928FBE06-D70F-4CF6-9822-27B0D319ABEA}.Ad-Hoc|x64.Build.0 = Release|Any CPU
		{928FBE06-D70F-4CF6-9822-27B0D319ABEA}.Ad-Hoc|x86.ActiveCfg = Release|Any CPU
		{928FBE06-D70F-4CF6-9822-27B0D319ABEA}.Ad-Hoc|x86.Build.0 = Release|Any CPU
		{928FBE06-D70F-4CF6-9822-27B0D319ABEA}.AppStore|Any CPU.ActiveCfg = Release|Any CPU
		{928FBE06-D70F-4CF6-9822-27B0D319ABEA}.AppStore|Any CPU.Build.0 = Release|Any CPU
		{928FBE06-D70F-4CF6-9822-27B0D319ABEA}.AppStore|ARM.ActiveCfg = Release|Any CPU
		{928FBE06-D70F-4CF6-9822-27B0D319ABEA}.AppStore|ARM.Build.0 = Release|Any CPU
		{928FBE06-D70F-4CF6-9822-27B0D319ABEA}.AppStore|iPhone.ActiveCfg = Release|Any CPU
		{928FBE06-D70F-4CF6-9822-27B0D319ABEA}.AppStore|iPhone.Build.0 = Release|Any CPU
		{928FBE06-D70F-4CF6-9822-27B0D319ABEA}.AppStore|iPhoneSimulator.ActiveCfg = Release|Any CPU
		{928FBE06-D70F-4CF6-9822-27B0D319ABEA}.AppStore|iPhoneSimulator.Build.0 = Release|Any CPU
		{928FBE06-D70F-4CF6-9822-27B0D319ABEA}.AppStore|x64.ActiveCfg = Release|Any CPU
		{928FBE06-D70F-4CF6-9822-27B0D319ABEA}.AppStore|x64.Build.0 = Release|Any CPU
		{928FBE06-D70F-4CF6-9822-27B0D319ABEA}.AppStore|x86.ActiveCfg = Release|Any CPU
		{928FBE06-D70F-4CF6-9822-27B0D319ABEA}.AppStore|x86.Build.0 = Release|Any CPU
		{928FBE06-D70F-4CF6-9822-27B0D319ABEA}.Debug|Any CPU.ActiveCfg = Debug|Any CPU
		{928FBE06-D70F-4CF6-9822-27B0D319ABEA}.Debug|Any CPU.Build.0 = Debug|Any CPU
		{928FBE06-D70F-4CF6-9822-27B0D319ABEA}.Debug|ARM.ActiveCfg = Debug|Any CPU
		{928FBE06-D70F-4CF6-9822-27B0D319ABEA}.Debug|ARM.Build.0 = Debug|Any CPU
		{928FBE06-D70F-4CF6-9822-27B0D319ABEA}.Debug|iPhone.ActiveCfg = Debug|Any CPU
		{928FBE06-D70F-4CF6-9822-27B0D319ABEA}.Debug|iPhone.Build.0 = Debug|Any CPU
		{928FBE06-D70F-4CF6-9822-27B0D319ABEA}.Debug|iPhoneSimulator.ActiveCfg = Debug|Any CPU
		{928FBE06-D70F-4CF6-9822-27B0D319ABEA}.Debug|iPhoneSimulator.Build.0 = Debug|Any CPU
		{928FBE06-D70F-4CF6-9822-27B0D319ABEA}.Debug|x64.ActiveCfg = Debug|Any CPU
		{928FBE06-D70F-4CF6-9822-27B0D319ABEA}.Debug|x64.Build.0 = Debug|Any CPU
		{928FBE06-D70F-4CF6-9822-27B0D319ABEA}.Debug|x86.ActiveCfg = Debug|Any CPU
		{928FBE06-D70F-4CF6-9822-27B0D319ABEA}.Debug|x86.Build.0 = Debug|Any CPU
		{928FBE06-D70F-4CF6-9822-27B0D319ABEA}.Release|Any CPU.ActiveCfg = Release|Any CPU
		{928FBE06-D70F-4CF6-9822-27B0D319ABEA}.Release|Any CPU.Build.0 = Release|Any CPU
		{928FBE06-D70F-4CF6-9822-27B0D319ABEA}.Release|ARM.ActiveCfg = Release|Any CPU
		{928FBE06-D70F-4CF6-9822-27B0D319ABEA}.Release|ARM.Build.0 = Release|Any CPU
		{928FBE06-D70F-4CF6-9822-27B0D319ABEA}.Release|iPhone.ActiveCfg = Release|Any CPU
		{928FBE06-D70F-4CF6-9822-27B0D319ABEA}.Release|iPhone.Build.0 = Release|Any CPU
		{928FBE06-D70F-4CF6-9822-27B0D319ABEA}.Release|iPhoneSimulator.ActiveCfg = Release|Any CPU
		{928FBE06-D70F-4CF6-9822-27B0D319ABEA}.Release|iPhoneSimulator.Build.0 = Release|Any CPU
		{928FBE06-D70F-4CF6-9822-27B0D319ABEA}.Release|x64.ActiveCfg = Release|Any CPU
		{928FBE06-D70F-4CF6-9822-27B0D319ABEA}.Release|x64.Build.0 = Release|Any CPU
		{928FBE06-D70F-4CF6-9822-27B0D319ABEA}.Release|x86.ActiveCfg = Release|Any CPU
		{928FBE06-D70F-4CF6-9822-27B0D319ABEA}.Release|x86.Build.0 = Release|Any CPU
		{78E8718A-72A9-4E27-8B42-8B2FC85710B7}.Ad-Hoc|Any CPU.ActiveCfg = Release|Any CPU
		{78E8718A-72A9-4E27-8B42-8B2FC85710B7}.Ad-Hoc|Any CPU.Build.0 = Release|Any CPU
		{78E8718A-72A9-4E27-8B42-8B2FC85710B7}.Ad-Hoc|ARM.ActiveCfg = Release|Any CPU
		{78E8718A-72A9-4E27-8B42-8B2FC85710B7}.Ad-Hoc|ARM.Build.0 = Release|Any CPU
		{78E8718A-72A9-4E27-8B42-8B2FC85710B7}.Ad-Hoc|iPhone.ActiveCfg = Release|Any CPU
		{78E8718A-72A9-4E27-8B42-8B2FC85710B7}.Ad-Hoc|iPhone.Build.0 = Release|Any CPU
		{78E8718A-72A9-4E27-8B42-8B2FC85710B7}.Ad-Hoc|iPhoneSimulator.ActiveCfg = Release|Any CPU
		{78E8718A-72A9-4E27-8B42-8B2FC85710B7}.Ad-Hoc|iPhoneSimulator.Build.0 = Release|Any CPU
		{78E8718A-72A9-4E27-8B42-8B2FC85710B7}.Ad-Hoc|x64.ActiveCfg = Release|Any CPU
		{78E8718A-72A9-4E27-8B42-8B2FC85710B7}.Ad-Hoc|x64.Build.0 = Release|Any CPU
		{78E8718A-72A9-4E27-8B42-8B2FC85710B7}.Ad-Hoc|x86.ActiveCfg = Release|Any CPU
		{78E8718A-72A9-4E27-8B42-8B2FC85710B7}.Ad-Hoc|x86.Build.0 = Release|Any CPU
		{78E8718A-72A9-4E27-8B42-8B2FC85710B7}.AppStore|Any CPU.ActiveCfg = Release|Any CPU
		{78E8718A-72A9-4E27-8B42-8B2FC85710B7}.AppStore|Any CPU.Build.0 = Release|Any CPU
		{78E8718A-72A9-4E27-8B42-8B2FC85710B7}.AppStore|ARM.ActiveCfg = Release|Any CPU
		{78E8718A-72A9-4E27-8B42-8B2FC85710B7}.AppStore|ARM.Build.0 = Release|Any CPU
		{78E8718A-72A9-4E27-8B42-8B2FC85710B7}.AppStore|iPhone.ActiveCfg = Release|Any CPU
		{78E8718A-72A9-4E27-8B42-8B2FC85710B7}.AppStore|iPhone.Build.0 = Release|Any CPU
		{78E8718A-72A9-4E27-8B42-8B2FC85710B7}.AppStore|iPhoneSimulator.ActiveCfg = Release|Any CPU
		{78E8718A-72A9-4E27-8B42-8B2FC85710B7}.AppStore|iPhoneSimulator.Build.0 = Release|Any CPU
		{78E8718A-72A9-4E27-8B42-8B2FC85710B7}.AppStore|x64.ActiveCfg = Release|Any CPU
		{78E8718A-72A9-4E27-8B42-8B2FC85710B7}.AppStore|x64.Build.0 = Release|Any CPU
		{78E8718A-72A9-4E27-8B42-8B2FC85710B7}.AppStore|x86.ActiveCfg = Release|Any CPU
		{78E8718A-72A9-4E27-8B42-8B2FC85710B7}.AppStore|x86.Build.0 = Release|Any CPU
		{78E8718A-72A9-4E27-8B42-8B2FC85710B7}.Debug|Any CPU.ActiveCfg = Debug|Any CPU
		{78E8718A-72A9-4E27-8B42-8B2FC85710B7}.Debug|Any CPU.Build.0 = Debug|Any CPU
		{78E8718A-72A9-4E27-8B42-8B2FC85710B7}.Debug|ARM.ActiveCfg = Debug|Any CPU
		{78E8718A-72A9-4E27-8B42-8B2FC85710B7}.Debug|ARM.Build.0 = Debug|Any CPU
		{78E8718A-72A9-4E27-8B42-8B2FC85710B7}.Debug|iPhone.ActiveCfg = Debug|Any CPU
		{78E8718A-72A9-4E27-8B42-8B2FC85710B7}.Debug|iPhone.Build.0 = Debug|Any CPU
		{78E8718A-72A9-4E27-8B42-8B2FC85710B7}.Debug|iPhoneSimulator.ActiveCfg = Debug|Any CPU
		{78E8718A-72A9-4E27-8B42-8B2FC85710B7}.Debug|iPhoneSimulator.Build.0 = Debug|Any CPU
		{78E8718A-72A9-4E27-8B42-8B2FC85710B7}.Debug|x64.ActiveCfg = Debug|Any CPU
		{78E8718A-72A9-4E27-8B42-8B2FC85710B7}.Debug|x64.Build.0 = Debug|Any CPU
		{78E8718A-72A9-4E27-8B42-8B2FC85710B7}.Debug|x86.ActiveCfg = Debug|Any CPU
		{78E8718A-72A9-4E27-8B42-8B2FC85710B7}.Debug|x86.Build.0 = Debug|Any CPU
		{78E8718A-72A9-4E27-8B42-8B2FC85710B7}.Release|Any CPU.ActiveCfg = Release|Any CPU
		{78E8718A-72A9-4E27-8B42-8B2FC85710B7}.Release|Any CPU.Build.0 = Release|Any CPU
		{78E8718A-72A9-4E27-8B42-8B2FC85710B7}.Release|ARM.ActiveCfg = Release|Any CPU
		{78E8718A-72A9-4E27-8B42-8B2FC85710B7}.Release|ARM.Build.0 = Release|Any CPU
		{78E8718A-72A9-4E27-8B42-8B2FC85710B7}.Release|iPhone.ActiveCfg = Release|Any CPU
		{78E8718A-72A9-4E27-8B42-8B2FC85710B7}.Release|iPhone.Build.0 = Release|Any CPU
		{78E8718A-72A9-4E27-8B42-8B2FC85710B7}.Release|iPhoneSimulator.ActiveCfg = Release|Any CPU
		{78E8718A-72A9-4E27-8B42-8B2FC85710B7}.Release|iPhoneSimulator.Build.0 = Release|Any CPU
		{78E8718A-72A9-4E27-8B42-8B2FC85710B7}.Release|x64.ActiveCfg = Release|Any CPU
		{78E8718A-72A9-4E27-8B42-8B2FC85710B7}.Release|x64.Build.0 = Release|Any CPU
		{78E8718A-72A9-4E27-8B42-8B2FC85710B7}.Release|x86.ActiveCfg = Release|Any CPU
		{78E8718A-72A9-4E27-8B42-8B2FC85710B7}.Release|x86.Build.0 = Release|Any CPU
		{5A5CD8D6-9AC0-4987-BF6A-F3A097EB3BF0}.Ad-Hoc|Any CPU.ActiveCfg = Release|Any CPU
		{5A5CD8D6-9AC0-4987-BF6A-F3A097EB3BF0}.Ad-Hoc|Any CPU.Build.0 = Release|Any CPU
		{5A5CD8D6-9AC0-4987-BF6A-F3A097EB3BF0}.Ad-Hoc|ARM.ActiveCfg = Release|Any CPU
		{5A5CD8D6-9AC0-4987-BF6A-F3A097EB3BF0}.Ad-Hoc|ARM.Build.0 = Release|Any CPU
		{5A5CD8D6-9AC0-4987-BF6A-F3A097EB3BF0}.Ad-Hoc|iPhone.ActiveCfg = Release|Any CPU
		{5A5CD8D6-9AC0-4987-BF6A-F3A097EB3BF0}.Ad-Hoc|iPhone.Build.0 = Release|Any CPU
		{5A5CD8D6-9AC0-4987-BF6A-F3A097EB3BF0}.Ad-Hoc|iPhoneSimulator.ActiveCfg = Release|Any CPU
		{5A5CD8D6-9AC0-4987-BF6A-F3A097EB3BF0}.Ad-Hoc|iPhoneSimulator.Build.0 = Release|Any CPU
		{5A5CD8D6-9AC0-4987-BF6A-F3A097EB3BF0}.Ad-Hoc|x64.ActiveCfg = Release|Any CPU
		{5A5CD8D6-9AC0-4987-BF6A-F3A097EB3BF0}.Ad-Hoc|x64.Build.0 = Release|Any CPU
		{5A5CD8D6-9AC0-4987-BF6A-F3A097EB3BF0}.Ad-Hoc|x86.ActiveCfg = Release|Any CPU
		{5A5CD8D6-9AC0-4987-BF6A-F3A097EB3BF0}.Ad-Hoc|x86.Build.0 = Release|Any CPU
		{5A5CD8D6-9AC0-4987-BF6A-F3A097EB3BF0}.AppStore|Any CPU.ActiveCfg = Release|Any CPU
		{5A5CD8D6-9AC0-4987-BF6A-F3A097EB3BF0}.AppStore|Any CPU.Build.0 = Release|Any CPU
		{5A5CD8D6-9AC0-4987-BF6A-F3A097EB3BF0}.AppStore|ARM.ActiveCfg = Release|Any CPU
		{5A5CD8D6-9AC0-4987-BF6A-F3A097EB3BF0}.AppStore|ARM.Build.0 = Release|Any CPU
		{5A5CD8D6-9AC0-4987-BF6A-F3A097EB3BF0}.AppStore|iPhone.ActiveCfg = Release|Any CPU
		{5A5CD8D6-9AC0-4987-BF6A-F3A097EB3BF0}.AppStore|iPhone.Build.0 = Release|Any CPU
		{5A5CD8D6-9AC0-4987-BF6A-F3A097EB3BF0}.AppStore|iPhoneSimulator.ActiveCfg = Release|Any CPU
		{5A5CD8D6-9AC0-4987-BF6A-F3A097EB3BF0}.AppStore|iPhoneSimulator.Build.0 = Release|Any CPU
		{5A5CD8D6-9AC0-4987-BF6A-F3A097EB3BF0}.AppStore|x64.ActiveCfg = Release|Any CPU
		{5A5CD8D6-9AC0-4987-BF6A-F3A097EB3BF0}.AppStore|x64.Build.0 = Release|Any CPU
		{5A5CD8D6-9AC0-4987-BF6A-F3A097EB3BF0}.AppStore|x86.ActiveCfg = Release|Any CPU
		{5A5CD8D6-9AC0-4987-BF6A-F3A097EB3BF0}.AppStore|x86.Build.0 = Release|Any CPU
		{5A5CD8D6-9AC0-4987-BF6A-F3A097EB3BF0}.Debug|Any CPU.ActiveCfg = Debug|Any CPU
		{5A5CD8D6-9AC0-4987-BF6A-F3A097EB3BF0}.Debug|Any CPU.Build.0 = Debug|Any CPU
		{5A5CD8D6-9AC0-4987-BF6A-F3A097EB3BF0}.Debug|ARM.ActiveCfg = Debug|Any CPU
		{5A5CD8D6-9AC0-4987-BF6A-F3A097EB3BF0}.Debug|ARM.Build.0 = Debug|Any CPU
		{5A5CD8D6-9AC0-4987-BF6A-F3A097EB3BF0}.Debug|iPhone.ActiveCfg = Debug|Any CPU
		{5A5CD8D6-9AC0-4987-BF6A-F3A097EB3BF0}.Debug|iPhone.Build.0 = Debug|Any CPU
		{5A5CD8D6-9AC0-4987-BF6A-F3A097EB3BF0}.Debug|iPhoneSimulator.ActiveCfg = Debug|Any CPU
		{5A5CD8D6-9AC0-4987-BF6A-F3A097EB3BF0}.Debug|iPhoneSimulator.Build.0 = Debug|Any CPU
		{5A5CD8D6-9AC0-4987-BF6A-F3A097EB3BF0}.Debug|x64.ActiveCfg = Debug|Any CPU
		{5A5CD8D6-9AC0-4987-BF6A-F3A097EB3BF0}.Debug|x64.Build.0 = Debug|Any CPU
		{5A5CD8D6-9AC0-4987-BF6A-F3A097EB3BF0}.Debug|x86.ActiveCfg = Debug|Any CPU
		{5A5CD8D6-9AC0-4987-BF6A-F3A097EB3BF0}.Debug|x86.Build.0 = Debug|Any CPU
		{5A5CD8D6-9AC0-4987-BF6A-F3A097EB3BF0}.Release|Any CPU.ActiveCfg = Release|Any CPU
		{5A5CD8D6-9AC0-4987-BF6A-F3A097EB3BF0}.Release|Any CPU.Build.0 = Release|Any CPU
		{5A5CD8D6-9AC0-4987-BF6A-F3A097EB3BF0}.Release|ARM.ActiveCfg = Release|Any CPU
		{5A5CD8D6-9AC0-4987-BF6A-F3A097EB3BF0}.Release|ARM.Build.0 = Release|Any CPU
		{5A5CD8D6-9AC0-4987-BF6A-F3A097EB3BF0}.Release|iPhone.ActiveCfg = Release|Any CPU
		{5A5CD8D6-9AC0-4987-BF6A-F3A097EB3BF0}.Release|iPhone.Build.0 = Release|Any CPU
		{5A5CD8D6-9AC0-4987-BF6A-F3A097EB3BF0}.Release|iPhoneSimulator.ActiveCfg = Release|Any CPU
		{5A5CD8D6-9AC0-4987-BF6A-F3A097EB3BF0}.Release|iPhoneSimulator.Build.0 = Release|Any CPU
		{5A5CD8D6-9AC0-4987-BF6A-F3A097EB3BF0}.Release|x64.ActiveCfg = Release|Any CPU
		{5A5CD8D6-9AC0-4987-BF6A-F3A097EB3BF0}.Release|x64.Build.0 = Release|Any CPU
		{5A5CD8D6-9AC0-4987-BF6A-F3A097EB3BF0}.Release|x86.ActiveCfg = Release|Any CPU
		{5A5CD8D6-9AC0-4987-BF6A-F3A097EB3BF0}.Release|x86.Build.0 = Release|Any CPU
		{B992DC91-0B92-4174-88DC-27296D053666}.Ad-Hoc|Any CPU.ActiveCfg = Release|Any CPU
		{B992DC91-0B92-4174-88DC-27296D053666}.Ad-Hoc|Any CPU.Build.0 = Release|Any CPU
		{B992DC91-0B92-4174-88DC-27296D053666}.Ad-Hoc|ARM.ActiveCfg = Release|Any CPU
		{B992DC91-0B92-4174-88DC-27296D053666}.Ad-Hoc|ARM.Build.0 = Release|Any CPU
		{B992DC91-0B92-4174-88DC-27296D053666}.Ad-Hoc|iPhone.ActiveCfg = Release|Any CPU
		{B992DC91-0B92-4174-88DC-27296D053666}.Ad-Hoc|iPhone.Build.0 = Release|Any CPU
		{B992DC91-0B92-4174-88DC-27296D053666}.Ad-Hoc|iPhoneSimulator.ActiveCfg = Release|Any CPU
		{B992DC91-0B92-4174-88DC-27296D053666}.Ad-Hoc|iPhoneSimulator.Build.0 = Release|Any CPU
		{B992DC91-0B92-4174-88DC-27296D053666}.Ad-Hoc|x64.ActiveCfg = Release|Any CPU
		{B992DC91-0B92-4174-88DC-27296D053666}.Ad-Hoc|x64.Build.0 = Release|Any CPU
		{B992DC91-0B92-4174-88DC-27296D053666}.Ad-Hoc|x86.ActiveCfg = Release|Any CPU
		{B992DC91-0B92-4174-88DC-27296D053666}.Ad-Hoc|x86.Build.0 = Release|Any CPU
		{B992DC91-0B92-4174-88DC-27296D053666}.AppStore|Any CPU.ActiveCfg = Release|Any CPU
		{B992DC91-0B92-4174-88DC-27296D053666}.AppStore|Any CPU.Build.0 = Release|Any CPU
		{B992DC91-0B92-4174-88DC-27296D053666}.AppStore|ARM.ActiveCfg = Release|Any CPU
		{B992DC91-0B92-4174-88DC-27296D053666}.AppStore|ARM.Build.0 = Release|Any CPU
		{B992DC91-0B92-4174-88DC-27296D053666}.AppStore|iPhone.ActiveCfg = Release|Any CPU
		{B992DC91-0B92-4174-88DC-27296D053666}.AppStore|iPhone.Build.0 = Release|Any CPU
		{B992DC91-0B92-4174-88DC-27296D053666}.AppStore|iPhoneSimulator.ActiveCfg = Release|Any CPU
		{B992DC91-0B92-4174-88DC-27296D053666}.AppStore|iPhoneSimulator.Build.0 = Release|Any CPU
		{B992DC91-0B92-4174-88DC-27296D053666}.AppStore|x64.ActiveCfg = Release|Any CPU
		{B992DC91-0B92-4174-88DC-27296D053666}.AppStore|x64.Build.0 = Release|Any CPU
		{B992DC91-0B92-4174-88DC-27296D053666}.AppStore|x86.ActiveCfg = Release|Any CPU
		{B992DC91-0B92-4174-88DC-27296D053666}.AppStore|x86.Build.0 = Release|Any CPU
		{B992DC91-0B92-4174-88DC-27296D053666}.Debug|Any CPU.ActiveCfg = Debug|Any CPU
		{B992DC91-0B92-4174-88DC-27296D053666}.Debug|Any CPU.Build.0 = Debug|Any CPU
		{B992DC91-0B92-4174-88DC-27296D053666}.Debug|ARM.ActiveCfg = Debug|Any CPU
		{B992DC91-0B92-4174-88DC-27296D053666}.Debug|ARM.Build.0 = Debug|Any CPU
		{B992DC91-0B92-4174-88DC-27296D053666}.Debug|iPhone.ActiveCfg = Debug|Any CPU
		{B992DC91-0B92-4174-88DC-27296D053666}.Debug|iPhone.Build.0 = Debug|Any CPU
		{B992DC91-0B92-4174-88DC-27296D053666}.Debug|iPhoneSimulator.ActiveCfg = Debug|Any CPU
		{B992DC91-0B92-4174-88DC-27296D053666}.Debug|iPhoneSimulator.Build.0 = Debug|Any CPU
		{B992DC91-0B92-4174-88DC-27296D053666}.Debug|x64.ActiveCfg = Debug|Any CPU
		{B992DC91-0B92-4174-88DC-27296D053666}.Debug|x64.Build.0 = Debug|Any CPU
		{B992DC91-0B92-4174-88DC-27296D053666}.Debug|x86.ActiveCfg = Debug|Any CPU
		{B992DC91-0B92-4174-88DC-27296D053666}.Debug|x86.Build.0 = Debug|Any CPU
		{B992DC91-0B92-4174-88DC-27296D053666}.Release|Any CPU.ActiveCfg = Release|Any CPU
		{B992DC91-0B92-4174-88DC-27296D053666}.Release|Any CPU.Build.0 = Release|Any CPU
		{B992DC91-0B92-4174-88DC-27296D053666}.Release|ARM.ActiveCfg = Release|Any CPU
		{B992DC91-0B92-4174-88DC-27296D053666}.Release|ARM.Build.0 = Release|Any CPU
		{B992DC91-0B92-4174-88DC-27296D053666}.Release|iPhone.ActiveCfg = Release|Any CPU
		{B992DC91-0B92-4174-88DC-27296D053666}.Release|iPhone.Build.0 = Release|Any CPU
		{B992DC91-0B92-4174-88DC-27296D053666}.Release|iPhoneSimulator.ActiveCfg = Release|Any CPU
		{B992DC91-0B92-4174-88DC-27296D053666}.Release|iPhoneSimulator.Build.0 = Release|Any CPU
		{B992DC91-0B92-4174-88DC-27296D053666}.Release|x64.ActiveCfg = Release|Any CPU
		{B992DC91-0B92-4174-88DC-27296D053666}.Release|x64.Build.0 = Release|Any CPU
		{B992DC91-0B92-4174-88DC-27296D053666}.Release|x86.ActiveCfg = Release|Any CPU
		{B992DC91-0B92-4174-88DC-27296D053666}.Release|x86.Build.0 = Release|Any CPU
	EndGlobalSection
	GlobalSection(SolutionProperties) = preSolution
		HideSolutionNode = FALSE
	EndGlobalSection
	GlobalSection(ExtensibilityGlobals) = postSolution
		SolutionGuid = {14876E3E-7041-42ED-8F30-FEDA2A293269}
	EndGlobalSection
EndGlobal
